{
  "version": 4,
  "terraform_version": "1.14.8",
  "serial": 722,
  "lineage": "73560c6e-96ff-505e-8f52-49717bc1f08e",
  "outputs": {},
  "resources": [
    {
      "mode": "managed",
      "type": "google_cloud_run_service",
      "name": "adapters",
      "provider": "provider[\"registry.terraform.io/hashicorp/google\"]",
      "instances": [
        {
          "schema_version": 2,
          "attributes": {
            "autogenerate_revision_name": false,
            "id": "locations/europe-west1/namespaces/joakim-hansson-lab/services/kalles-adapters",
            "location": "europe-west1",
            "metadata": [
              {
                "annotations": {},
                "effective_annotations": {
                  "run.googleapis.com/client-name": "gcloud",
                  "run.googleapis.com/client-version": "564.0.0",
                  "run.googleapis.com/ingress": "all",
                  "run.googleapis.com/ingress-status": "all",
                  "run.googleapis.com/maxScale": "100",
                  "run.googleapis.com/operation-id": "437c49c3-b01a-4bdb-bc62-7cd4ed398631",
                  "run.googleapis.com/urls": "[\"https://kalles-adapters-625737625145.europe-west1.run.app\",\"https://kalles-adapters-w7fsmra4yq-ew.a.run.app\"]",
                  "serving.knative.dev/creator": "joakim.hansson@forefront.se",
                  "serving.knative.dev/lastModifier": "joakim.hansson@forefront.se"
                },
                "effective_labels": {
                  "cloud.googleapis.com/location": "europe-west1"
                },
                "generation": 72,
                "labels": {},
                "namespace": "joakim-hansson-lab",
                "resource_version": "AAZVnJsQHps",
                "self_link": "/apis/serving.knative.dev/v1/namespaces/625737625145/services/kalles-adapters",
                "terraform_labels": {},
                "uid": "b6e4844f-0a48-4f37-a7d5-62e60c5b944f"
              }
            ],
            "name": "kalles-adapters",
            "project": "joakim-hansson-lab",
            "status": [
              {
                "conditions": [
                  {
                    "message": "",
                    "reason": "",
                    "status": "True",
                    "type": "Ready"
                  },
                  {
                    "message": "",
                    "reason": "",
                    "status": "True",
                    "type": "ConfigurationsReady"
                  },
                  {
                    "message": "",
                    "reason": "",
                    "status": "True",
                    "type": "RoutesReady"
                  }
                ],
                "latest_created_revision_name": "kalles-adapters-00072-477",
                "latest_ready_revision_name": "kalles-adapters-00072-477",
                "observed_generation": 72,
                "traffic": [
                  {
                    "latest_revision": true,
                    "percent": 100,
                    "revision_name": "kalles-adapters-00072-477",
                    "tag": "",
                    "url": ""
                  }
                ],
                "url": "https://kalles-adapters-w7fsmra4yq-ew.a.run.app"
              }
            ],
            "template": [
              {
                "metadata": [
                  {
                    "annotations": {
                      "autoscaling.knative.dev/maxScale": "100",
                      "autoscaling.knative.dev/minScale": "0"
                    },
                    "generation": 0,
                    "labels": {
                      "client.knative.dev/nonce": "bxkjtnxgtk",
                      "run.googleapis.com/startupProbeType": "Default"
                    },
                    "name": "",
                    "namespace": "",
                    "resource_version": "",
                    "self_link": "",
                    "uid": ""
                  }
                ],
                "spec": [
                  {
                    "container_concurrency": 80,
                    "containers": [
                      {
                        "args": [],
                        "command": [],
                        "env": [
                          {
                            "name": "NODE_ENV",
                            "value": "production",
                            "value_from": []
                          },
                          {
                            "name": "TRAFIKLAB_NETEX_KEY",
                            "value": "",
                            "value_from": [
                              {
                                "secret_key_ref": [
                                  {
                                    "key": "latest",
                                    "name": "trafiklab-netex-api-key"
                                  }
                                ]
                              }
                            ]
                          },
                          {
                            "name": "TRAFIKLAB_REALTIME_KEY",
                            "value": "",
                            "value_from": [
                              {
                                "secret_key_ref": [
                                  {
                                    "key": "latest",
                                    "name": "trafiklab-realtime-api-key"
                                  }
                                ]
                              }
                            ]
                          }
                        ],
                        "env_from": [],
                        "image": "europe-west1-docker.pkg.dev/joakim-hansson-lab/cloud-run-source-deploy/kalles-adapters:20260702102007",
                        "liveness_probe": [],
                        "name": "",
                        "ports": [
                          {
                            "container_port": 8080,
                            "name": "http1",
                            "protocol": ""
                          }
                        ],
                        "resources": [
                          {
                            "limits": {
                              "cpu": "1000m",
                              "memory": "2048Mi"
                            },
                            "requests": {}
                          }
                        ],
                        "startup_probe": [
                          {
                            "failure_threshold": 1,
                            "grpc": [],
                            "http_get": [],
                            "initial_delay_seconds": 0,
                            "period_seconds": 240,
                            "tcp_socket": [
                              {
                                "port": 8080
                              }
                            ],
                            "timeout_seconds": 240
                          }
                        ],
                        "volume_mounts": [],
                        "working_dir": ""
                      }
                    ],
                    "service_account_name": "625737625145-compute@developer.gserviceaccount.com",
                    "serving_state": "",
                    "timeout_seconds": 300,
                    "volumes": []
                  }
                ]
              }
            ],
            "timeouts": null,
            "traffic": [
              {
                "latest_revision": true,
                "percent": 100,
                "revision_name": "",
                "tag": "",
                "url": ""
              }
            ]
          },
          "sensitive_attributes": [],
          "identity_schema_version": 0,
          "private": "eyJlMmJmYjczMC1lY2FhLTExZTYtOGY4OC0zNDM2M2JjN2M0YzAiOnsiY3JlYXRlIjoxMjAwMDAwMDAwMDAwLCJkZWxldGUiOjEyMDAwMDAwMDAwMDAsInVwZGF0ZSI6MTIwMDAwMDAwMDAwMH0sInNjaGVtYV92ZXJzaW9uIjoiMiJ9",
          "dependencies": [
            "google_secret_manager_secret.trafiklab_netex_key",
            "google_secret_manager_secret.trafiklab_realtime_key",
            "google_secret_manager_secret_iam_member.adapters_netex_secret_access",
            "google_secret_manager_secret_iam_member.adapters_realtime_secret_access"
          ]
        }
      ]
    },
    {
      "mode": "managed",
      "type": "google_cloud_run_service",
      "name": "bff",
      "provider": "provider[\"registry.terraform.io/hashicorp/google\"]",
      "instances": [
        {
          "schema_version": 2,
          "attributes": {
            "autogenerate_revision_name": false,
            "id": "locations/europe-west1/namespaces/joakim-hansson-lab/services/kalles-bff",
            "location": "europe-west1",
            "metadata": [
              {
                "annotations": {},
                "effective_annotations": {
                  "run.googleapis.com/client-name": "gcloud",
                  "run.googleapis.com/client-version": "564.0.0",
                  "run.googleapis.com/ingress": "all",
                  "run.googleapis.com/ingress-status": "all",
                  "run.googleapis.com/maxScale": "100",
                  "run.googleapis.com/operation-id": "a58c2d7c-e8b0-4a3b-9618-f66deaf19568",
                  "run.googleapis.com/urls": "[\"https://kalles-bff-625737625145.europe-west1.run.app\",\"https://kalles-bff-w7fsmra4yq-ew.a.run.app\"]",
                  "serving.knative.dev/creator": "joakim.hansson@forefront.se",
                  "serving.knative.dev/lastModifier": "joakim.hansson@forefront.se"
                },
                "effective_labels": {
                  "cloud.googleapis.com/location": "europe-west1"
                },
                "generation": 62,
                "labels": {},
                "namespace": "joakim-hansson-lab",
                "resource_version": "AAZVnJsIINU",
                "self_link": "/apis/serving.knative.dev/v1/namespaces/625737625145/services/kalles-bff",
                "terraform_labels": {},
                "uid": "392365a8-da86-425f-9f10-5ee63746f403"
              }
            ],
            "name": "kalles-bff",
            "project": "joakim-hansson-lab",
            "status": [
              {
                "conditions": [
                  {
                    "message": "",
                    "reason": "",
                    "status": "True",
                    "type": "Ready"
                  },
                  {
                    "message": "",
                    "reason": "",
                    "status": "True",
                    "type": "ConfigurationsReady"
                  },
                  {
                    "message": "",
                    "reason": "",
                    "status": "True",
                    "type": "RoutesReady"
                  }
                ],
                "latest_created_revision_name": "kalles-bff-00062-n9w",
                "latest_ready_revision_name": "kalles-bff-00062-n9w",
                "observed_generation": 62,
                "traffic": [
                  {
                    "latest_revision": true,
                    "percent": 100,
                    "revision_name": "kalles-bff-00062-n9w",
                    "tag": "",
                    "url": ""
                  }
                ],
                "url": "https://kalles-bff-w7fsmra4yq-ew.a.run.app"
              }
            ],
            "template": [
              {
                "metadata": [
                  {
                    "annotations": {
                      "autoscaling.knative.dev/maxScale": "100",
                      "autoscaling.knative.dev/minScale": "0"
                    },
                    "generation": 0,
                    "labels": {
                      "client.knative.dev/nonce": "azpaiswoyn",
                      "run.googleapis.com/startupProbeType": "Default"
                    },
                    "name": "",
                    "namespace": "",
                    "resource_version": "",
                    "self_link": "",
                    "uid": ""
                  }
                ],
                "spec": [
                  {
                    "container_concurrency": 80,
                    "containers": [
                      {
                        "args": [],
                        "command": [],
                        "env": [],
                        "env_from": [],
                        "image": "europe-west1-docker.pkg.dev/joakim-hansson-lab/cloud-run-source-deploy/kalles-bff:20260702102007",
                        "liveness_probe": [],
                        "name": "",
                        "ports": [
                          {
                            "container_port": 8080,
                            "name": "http1",
                            "protocol": ""
                          }
                        ],
                        "resources": [
                          {
                            "limits": {
                              "cpu": "1000m",
                              "memory": "512Mi"
                            },
                            "requests": {}
                          }
                        ],
                        "startup_probe": [
                          {
                            "failure_threshold": 1,
                            "grpc": [],
                            "http_get": [],
                            "initial_delay_seconds": 0,
                            "period_seconds": 240,
                            "tcp_socket": [
                              {
                                "port": 8080
                              }
                            ],
                            "timeout_seconds": 240
                          }
                        ],
                        "volume_mounts": [],
                        "working_dir": ""
                      }
                    ],
                    "service_account_name": "625737625145-compute@developer.gserviceaccount.com",
                    "serving_state": "",
                    "timeout_seconds": 300,
                    "volumes": []
                  }
                ]
              }
            ],
            "timeouts": null,
            "traffic": [
              {
                "latest_revision": true,
                "percent": 100,
                "revision_name": "",
                "tag": "",
                "url": ""
              }
            ]
          },
          "sensitive_attributes": [],
          "identity_schema_version": 0,
          "private": "eyJlMmJmYjczMC1lY2FhLTExZTYtOGY4OC0zNDM2M2JjN2M0YzAiOnsiY3JlYXRlIjoxMjAwMDAwMDAwMDAwLCJkZWxldGUiOjEyMDAwMDAwMDAwMDAsInVwZGF0ZSI6MTIwMDAwMDAwMDAwMH0sInNjaGVtYV92ZXJzaW9uIjoiMiJ9"
        }
      ]
    },
    {
      "mode": "managed",
      "type": "google_cloud_run_service",
      "name": "energy",
      "provider": "provider[\"registry.terraform.io/hashicorp/google\"]",
      "instances": [
        {
          "schema_version": 2,
          "attributes": {
            "autogenerate_revision_name": false,
            "id": "locations/europe-west1/namespaces/joakim-hansson-lab/services/kalles-energy-depot",
            "location": "europe-west1",
            "metadata": [
              {
                "annotations": {},
                "effective_annotations": {
                  "run.googleapis.com/client-name": "gcloud",
                  "run.googleapis.com/client-version": "564.0.0",
                  "run.googleapis.com/ingress": "all",
                  "run.googleapis.com/ingress-status": "all",
                  "run.googleapis.com/maxScale": "100",
                  "run.googleapis.com/operation-id": "bc6dfc63-9502-4112-a3ab-829c5cdda5cf",
                  "run.googleapis.com/urls": "[\"https://kalles-energy-depot-625737625145.europe-west1.run.app\",\"https://kalles-energy-depot-w7fsmra4yq-ew.a.run.app\"]",
                  "serving.knative.dev/creator": "joakim.hansson@forefront.se",
                  "serving.knative.dev/lastModifier": "joakim.hansson@forefront.se"
                },
                "effective_labels": {
                  "cloud.googleapis.com/location": "europe-west1"
                },
                "generation": 64,
                "labels": {},
                "namespace": "joakim-hansson-lab",
                "resource_version": "AAZVnJt0Ywk",
                "self_link": "/apis/serving.knative.dev/v1/namespaces/625737625145/services/kalles-energy-depot",
                "terraform_labels": {},
                "uid": "fb31d96b-ae5a-4492-a0b9-9e1a6c9f9dfc"
              }
            ],
            "name": "kalles-energy-depot",
            "project": "joakim-hansson-lab",
            "status": [
              {
                "conditions": [
                  {
                    "message": "",
                    "reason": "",
                    "status": "True",
                    "type": "Ready"
                  },
                  {
                    "message": "",
                    "reason": "",
                    "status": "True",
                    "type": "ConfigurationsReady"
                  },
                  {
                    "message": "",
                    "reason": "",
                    "status": "True",
                    "type": "RoutesReady"
                  }
                ],
                "latest_created_revision_name": "kalles-energy-depot-00064-lk5",
                "latest_ready_revision_name": "kalles-energy-depot-00064-lk5",
                "observed_generation": 64,
                "traffic": [
                  {
                    "latest_revision": true,
                    "percent": 100,
                    "revision_name": "kalles-energy-depot-00064-lk5",
                    "tag": "",
                    "url": ""
                  }
                ],
                "url": "https://kalles-energy-depot-w7fsmra4yq-ew.a.run.app"
              }
            ],
            "template": [
              {
                "metadata": [
                  {
                    "annotations": {
                      "autoscaling.knative.dev/maxScale": "100",
                      "autoscaling.knative.dev/minScale": "0",
                      "run.googleapis.com/client-name": "terraform",
                      "run.googleapis.com/cloudsql-instances": "joakim-hansson-lab:europe-west1:kalles-shared-db-edb68743"
                    },
                    "generation": 0,
                    "labels": {
                      "client.knative.dev/nonce": "fetuvvjvnu",
                      "run.googleapis.com/startupProbeType": "Default"
                    },
                    "name": "",
                    "namespace": "",
                    "resource_version": "",
                    "self_link": "",
                    "uid": ""
                  }
                ],
                "spec": [
                  {
                    "container_concurrency": 80,
                    "containers": [
                      {
                        "args": [],
                        "command": [],
                        "env": [
                          {
                            "name": "CLOUD_SQL_CONNECTION_NAME",
                            "value": "joakim-hansson-lab:europe-west1:kalles-shared-db-edb68743",
                            "value_from": []
                          },
                          {
                            "name": "DB_NAME",
                            "value": "kalles-energy-depot",
                            "value_from": []
                          },
                          {
                            "name": "DB_PASSWORD",
                            "value": "postgres_prod_password",
                            "value_from": []
                          },
                          {
                            "name": "DB_USER",
                            "value": "postgres",
                            "value_from": []
                          },
                          {
                            "name": "NODE_ENV",
                            "value": "production",
                            "value_from": []
                          }
                        ],
                        "env_from": [],
                        "image": "europe-west1-docker.pkg.dev/joakim-hansson-lab/cloud-run-source-deploy/kalles-energy-depot:20260702102007",
                        "liveness_probe": [],
                        "name": "",
                        "ports": [
                          {
                            "container_port": 8080,
                            "name": "http1",
                            "protocol": ""
                          }
                        ],
                        "resources": [
                          {
                            "limits": {
                              "cpu": "1000m",
                              "memory": "512Mi"
                            },
                            "requests": {}
                          }
                        ],
                        "startup_probe": [
                          {
                            "failure_threshold": 1,
                            "grpc": [],
                            "http_get": [],
                            "initial_delay_seconds": 0,
                            "period_seconds": 240,
                            "tcp_socket": [
                              {
                                "port": 8080
                              }
                            ],
                            "timeout_seconds": 240
                          }
                        ],
                        "volume_mounts": [],
                        "working_dir": ""
                      }
                    ],
                    "service_account_name": "625737625145-compute@developer.gserviceaccount.com",
                    "serving_state": "",
                    "timeout_seconds": 300,
                    "volumes": []
                  }
                ]
              }
            ],
            "timeouts": null,
            "traffic": [
              {
                "latest_revision": true,
                "percent": 100,
                "revision_name": "",
                "tag": "",
                "url": ""
              }
            ]
          },
          "sensitive_attributes": [],
          "identity_schema_version": 0,
          "private": "eyJlMmJmYjczMC1lY2FhLTExZTYtOGY4OC0zNDM2M2JjN2M0YzAiOnsiY3JlYXRlIjoxMjAwMDAwMDAwMDAwLCJkZWxldGUiOjEyMDAwMDAwMDAwMDAsInVwZGF0ZSI6MTIwMDAwMDAwMDAwMH0sInNjaGVtYV92ZXJzaW9uIjoiMiJ9",
          "dependencies": [
            "google_sql_database_instance.shared_db",
            "random_id.db_suffix"
          ]
        }
      ]
    },
    {
      "mode": "managed",
      "type": "google_cloud_run_service",
      "name": "finance",
      "provider": "provider[\"registry.terraform.io/hashicorp/google\"]",
      "instances": [
        {
          "schema_version": 2,
          "attributes": {
            "autogenerate_revision_name": false,
            "id": "locations/europe-west1/namespaces/joakim-hansson-lab/services/kalles-finance",
            "location": "europe-west1",
            "metadata": [
              {
                "annotations": {},
                "effective_annotations": {
                  "run.googleapis.com/client-name": "gcloud",
                  "run.googleapis.com/client-version": "564.0.0",
                  "run.googleapis.com/ingress": "all",
                  "run.googleapis.com/ingress-status": "all",
                  "run.googleapis.com/maxScale": "100",
                  "run.googleapis.com/operation-id": "72b4af26-df61-48cb-8b48-5ddd2a498a44",
                  "run.googleapis.com/urls": "[\"https://kalles-finance-625737625145.europe-west1.run.app\",\"https://kalles-finance-w7fsmra4yq-ew.a.run.app\"]",
                  "serving.knative.dev/creator": "joakim.hansson@forefront.se",
                  "serving.knative.dev/lastModifier": "joakim.hansson@forefront.se"
                },
                "effective_labels": {
                  "cloud.googleapis.com/location": "europe-west1"
                },
                "generation": 75,
                "labels": {},
                "namespace": "joakim-hansson-lab",
                "resource_version": "AAZVnJqqEyU",
                "self_link": "/apis/serving.knative.dev/v1/namespaces/625737625145/services/kalles-finance",
                "terraform_labels": {},
                "uid": "048bb4b5-4d0d-4f2e-8837-9aee5235f1ee"
              }
            ],
            "name": "kalles-finance",
            "project": "joakim-hansson-lab",
            "status": [
              {
                "conditions": [
                  {
                    "message": "",
                    "reason": "",
                    "status": "True",
                    "type": "Ready"
                  },
                  {
                    "message": "",
                    "reason": "",
                    "status": "True",
                    "type": "ConfigurationsReady"
                  },
                  {
                    "message": "",
                    "reason": "",
                    "status": "True",
                    "type": "RoutesReady"
                  }
                ],
                "latest_created_revision_name": "kalles-finance-00075-dnb",
                "latest_ready_revision_name": "kalles-finance-00075-dnb",
                "observed_generation": 75,
                "traffic": [
                  {
                    "latest_revision": true,
                    "percent": 100,
                    "revision_name": "kalles-finance-00075-dnb",
                    "tag": "",
                    "url": ""
                  }
                ],
                "url": "https://kalles-finance-w7fsmra4yq-ew.a.run.app"
              }
            ],
            "template": [
              {
                "metadata": [
                  {
                    "annotations": {
                      "autoscaling.knative.dev/maxScale": "100",
                      "autoscaling.knative.dev/minScale": "0",
                      "run.googleapis.com/client-name": "terraform",
                      "run.googleapis.com/cloudsql-instances": "joakim-hansson-lab:europe-west1:kalles-shared-db-edb68743"
                    },
                    "generation": 0,
                    "labels": {
                      "client.knative.dev/nonce": "swypweqdmi",
                      "run.googleapis.com/startupProbeType": "Default"
                    },
                    "name": "",
                    "namespace": "",
                    "resource_version": "",
                    "self_link": "",
                    "uid": ""
                  }
                ],
                "spec": [
                  {
                    "container_concurrency": 80,
                    "containers": [
                      {
                        "args": [],
                        "command": [],
                        "env": [
                          {
                            "name": "CLOUD_SQL_CONNECTION_NAME",
                            "value": "joakim-hansson-lab:europe-west1:kalles-shared-db-edb68743",
                            "value_from": []
                          },
                          {
                            "name": "DB_NAME",
                            "value": "kalles-finance",
                            "value_from": []
                          },
                          {
                            "name": "DB_PASSWORD",
                            "value": "postgres_prod_password",
                            "value_from": []
                          },
                          {
                            "name": "DB_USER",
                            "value": "postgres",
                            "value_from": []
                          },
                          {
                            "name": "NODE_ENV",
                            "value": "production",
                            "value_from": []
                          }
                        ],
                        "env_from": [],
                        "image": "europe-west1-docker.pkg.dev/joakim-hansson-lab/cloud-run-source-deploy/kalles-finance:20260702102007",
                        "liveness_probe": [],
                        "name": "",
                        "ports": [
                          {
                            "container_port": 8080,
                            "name": "http1",
                            "protocol": ""
                          }
                        ],
                        "resources": [
                          {
                            "limits": {
                              "cpu": "1000m",
                              "memory": "512Mi"
                            },
                            "requests": {}
                          }
                        ],
                        "startup_probe": [
                          {
                            "failure_threshold": 1,
                            "grpc": [],
                            "http_get": [],
                            "initial_delay_seconds": 0,
                            "period_seconds": 240,
                            "tcp_socket": [
                              {
                                "port": 8080
                              }
                            ],
                            "timeout_seconds": 240
                          }
                        ],
                        "volume_mounts": [],
                        "working_dir": ""
                      }
                    ],
                    "service_account_name": "625737625145-compute@developer.gserviceaccount.com",
                    "serving_state": "",
                    "timeout_seconds": 300,
                    "volumes": []
                  }
                ]
              }
            ],
            "timeouts": null,
            "traffic": [
              {
                "latest_revision": true,
                "percent": 100,
                "revision_name": "",
                "tag": "",
                "url": ""
              }
            ]
          },
          "sensitive_attributes": [],
          "identity_schema_version": 0,
          "private": "eyJlMmJmYjczMC1lY2FhLTExZTYtOGY4OC0zNDM2M2JjN2M0YzAiOnsiY3JlYXRlIjoxMjAwMDAwMDAwMDAwLCJkZWxldGUiOjEyMDAwMDAwMDAwMDAsInVwZGF0ZSI6MTIwMDAwMDAwMDAwMH0sInNjaGVtYV92ZXJzaW9uIjoiMiJ9",
          "dependencies": [
            "google_sql_database_instance.shared_db",
            "random_id.db_suffix"
          ]
        }
      ]
    },
    {
      "mode": "managed",
      "type": "google_cloud_run_service",
      "name": "hr",
      "provider": "provider[\"registry.terraform.io/hashicorp/google\"]",
      "instances": [
        {
          "schema_version": 2,
          "attributes": {
            "autogenerate_revision_name": false,
            "id": "locations/europe-west1/namespaces/joakim-hansson-lab/services/kalles-hr",
            "location": "europe-west1",
            "metadata": [
              {
                "annotations": {},
                "effective_annotations": {
                  "run.googleapis.com/client-name": "gcloud",
                  "run.googleapis.com/client-version": "564.0.0",
                  "run.googleapis.com/ingress": "all",
                  "run.googleapis.com/ingress-status": "all",
                  "run.googleapis.com/maxScale": "100",
                  "run.googleapis.com/operation-id": "d03400d4-4ae6-4db1-a880-62d63cc87718",
                  "run.googleapis.com/urls": "[\"https://kalles-hr-625737625145.europe-west1.run.app\",\"https://kalles-hr-w7fsmra4yq-ew.a.run.app\"]",
                  "serving.knative.dev/creator": "joakim.hansson@forefront.se",
                  "serving.knative.dev/lastModifier": "joakim.hansson@forefront.se"
                },
                "effective_labels": {
                  "cloud.googleapis.com/location": "europe-west1"
                },
                "generation": 71,
                "labels": {},
                "namespace": "joakim-hansson-lab",
                "resource_version": "AAZVnGn7q4g",
                "self_link": "/apis/serving.knative.dev/v1/namespaces/625737625145/services/kalles-hr",
                "terraform_labels": {},
                "uid": "f0465b61-ce1c-477e-8745-ca3b55d0913f"
              }
            ],
            "name": "kalles-hr",
            "project": "joakim-hansson-lab",
            "status": [
              {
                "conditions": [
                  {
                    "message": "",
                    "reason": "",
                    "status": "True",
                    "type": "Ready"
                  },
                  {
                    "message": "",
                    "reason": "",
                    "status": "True",
                    "type": "ConfigurationsReady"
                  },
                  {
                    "message": "",
                    "reason": "",
                    "status": "True",
                    "type": "RoutesReady"
                  }
                ],
                "latest_created_revision_name": "kalles-hr-00071-mnw",
                "latest_ready_revision_name": "kalles-hr-00071-mnw",
                "observed_generation": 71,
                "traffic": [
                  {
                    "latest_revision": true,
                    "percent": 100,
                    "revision_name": "kalles-hr-00071-mnw",
                    "tag": "",
                    "url": ""
                  }
                ],
                "url": "https://kalles-hr-w7fsmra4yq-ew.a.run.app"
              }
            ],
            "template": [
              {
                "metadata": [
                  {
                    "annotations": {
                      "autoscaling.knative.dev/maxScale": "100",
                      "autoscaling.knative.dev/minScale": "0",
                      "run.googleapis.com/client-name": "terraform",
                      "run.googleapis.com/cloudsql-instances": "joakim-hansson-lab:europe-west1:kalles-shared-db-edb68743"
                    },
                    "generation": 0,
                    "labels": {
                      "client.knative.dev/nonce": "ojmqkimisg",
                      "run.googleapis.com/startupProbeType": "Default"
                    },
                    "name": "",
                    "namespace": "",
                    "resource_version": "",
                    "self_link": "",
                    "uid": ""
                  }
                ],
                "spec": [
                  {
                    "container_concurrency": 80,
                    "containers": [
                      {
                        "args": [],
                        "command": [],
                        "env": [
                          {
                            "name": "CLOUD_SQL_CONNECTION_NAME",
                            "value": "joakim-hansson-lab:europe-west1:kalles-shared-db-edb68743",
                            "value_from": []
                          },
                          {
                            "name": "DB_NAME",
                            "value": "kalles-hr",
                            "value_from": []
                          },
                          {
                            "name": "DB_PASSWORD",
                            "value": "postgres_prod_password",
                            "value_from": []
                          },
                          {
                            "name": "DB_USER",
                            "value": "postgres",
                            "value_from": []
                          },
                          {
                            "name": "NODE_ENV",
                            "value": "production",
                            "value_from": []
                          }
                        ],
                        "env_from": [],
                        "image": "europe-west1-docker.pkg.dev/joakim-hansson-lab/cloud-run-source-deploy/kalles-hr:20260702102007",
                        "liveness_probe": [],
                        "name": "",
                        "ports": [
                          {
                            "container_port": 8080,
                            "name": "http1",
                            "protocol": ""
                          }
                        ],
                        "resources": [
                          {
                            "limits": {
                              "cpu": "1000m",
                              "memory": "512Mi"
                            },
                            "requests": {}
                          }
                        ],
                        "startup_probe": [
                          {
                            "failure_threshold": 1,
                            "grpc": [],
                            "http_get": [],
                            "initial_delay_seconds": 0,
                            "period_seconds": 240,
                            "tcp_socket": [
                              {
                                "port": 8080
                              }
                            ],
                            "timeout_seconds": 240
                          }
                        ],
                        "volume_mounts": [],
                        "working_dir": ""
                      }
                    ],
                    "service_account_name": "625737625145-compute@developer.gserviceaccount.com",
                    "serving_state": "",
                    "timeout_seconds": 300,
                    "volumes": []
                  }
                ]
              }
            ],
            "timeouts": null,
            "traffic": [
              {
                "latest_revision": true,
                "percent": 100,
                "revision_name": "",
                "tag": "",
                "url": ""
              }
            ]
          },
          "sensitive_attributes": [],
          "identity_schema_version": 0,
          "private": "eyJlMmJmYjczMC1lY2FhLTExZTYtOGY4OC0zNDM2M2JjN2M0YzAiOnsiY3JlYXRlIjoxMjAwMDAwMDAwMDAwLCJkZWxldGUiOjEyMDAwMDAwMDAwMDAsInVwZGF0ZSI6MTIwMDAwMDAwMDAwMH0sInNjaGVtYV92ZXJzaW9uIjoiMiJ9",
          "dependencies": [
            "google_sql_database_instance.shared_db",
            "random_id.db_suffix"
          ]
        }
      ]
    },
    {
      "mode": "managed",
      "type": "google_cloud_run_service",
      "name": "portal",
      "provider": "provider[\"registry.terraform.io/hashicorp/google\"]",
      "instances": [
        {
          "schema_version": 2,
          "attributes": {
            "autogenerate_revision_name": false,
            "id": "locations/europe-west1/namespaces/joakim-hansson-lab/services/kalles-portal",
            "location": "europe-west1",
            "metadata": [
              {
                "annotations": {},
                "effective_annotations": {
                  "run.googleapis.com/client-name": "gcloud",
                  "run.googleapis.com/client-version": "564.0.0",
                  "run.googleapis.com/ingress": "all",
                  "run.googleapis.com/ingress-status": "all",
                  "run.googleapis.com/maxScale": "100",
                  "run.googleapis.com/operation-id": "e13518ff-ce57-4104-bc34-e91a6549d899",
                  "run.googleapis.com/urls": "[\"https://kalles-portal-625737625145.europe-west1.run.app\",\"https://kalles-portal-w7fsmra4yq-ew.a.run.app\"]",
                  "serving.knative.dev/creator": "joakim.hansson@forefront.se",
                  "serving.knative.dev/lastModifier": "joakim.hansson@forefront.se"
                },
                "effective_labels": {
                  "cloud.googleapis.com/location": "europe-west1"
                },
                "generation": 67,
                "labels": {},
                "namespace": "joakim-hansson-lab",
                "resource_version": "AAZVnJl9WVM",
                "self_link": "/apis/serving.knative.dev/v1/namespaces/625737625145/services/kalles-portal",
                "terraform_labels": {},
                "uid": "3f167513-7157-416d-a3ea-56c3567d7513"
              }
            ],
            "name": "kalles-portal",
            "project": "joakim-hansson-lab",
            "status": [
              {
                "conditions": [
                  {
                    "message": "",
                    "reason": "",
                    "status": "True",
                    "type": "Ready"
                  },
                  {
                    "message": "",
                    "reason": "",
                    "status": "True",
                    "type": "ConfigurationsReady"
                  },
                  {
                    "message": "",
                    "reason": "",
                    "status": "True",
                    "type": "RoutesReady"
                  }
                ],
                "latest_created_revision_name": "kalles-portal-00067-5kr",
                "latest_ready_revision_name": "kalles-portal-00067-5kr",
                "observed_generation": 67,
                "traffic": [
                  {
                    "latest_revision": true,
                    "percent": 100,
                    "revision_name": "kalles-portal-00067-5kr",
                    "tag": "",
                    "url": ""
                  }
                ],
                "url": "https://kalles-portal-w7fsmra4yq-ew.a.run.app"
              }
            ],
            "template": [
              {
                "metadata": [
                  {
                    "annotations": {
                      "autoscaling.knative.dev/maxScale": "100",
                      "autoscaling.knative.dev/minScale": "0"
                    },
                    "generation": 0,
                    "labels": {
                      "client.knative.dev/nonce": "ntqcjnsojc",
                      "run.googleapis.com/startupProbeType": "Default"
                    },
                    "name": "",
                    "namespace": "",
                    "resource_version": "",
                    "self_link": "",
                    "uid": ""
                  }
                ],
                "spec": [
                  {
                    "container_concurrency": 80,
                    "containers": [
                      {
                        "args": [],
                        "command": [],
                        "env": [],
                        "env_from": [],
                        "image": "europe-west1-docker.pkg.dev/joakim-hansson-lab/cloud-run-source-deploy/kalles-portal:20260702102007",
                        "liveness_probe": [],
                        "name": "",
                        "ports": [
                          {
                            "container_port": 8080,
                            "name": "http1",
                            "protocol": ""
                          }
                        ],
                        "resources": [
                          {
                            "limits": {
                              "cpu": "1000m",
                              "memory": "512Mi"
                            },
                            "requests": {}
                          }
                        ],
                        "startup_probe": [
                          {
                            "failure_threshold": 1,
                            "grpc": [],
                            "http_get": [],
                            "initial_delay_seconds": 0,
                            "period_seconds": 240,
                            "tcp_socket": [
                              {
                                "port": 8080
                              }
                            ],
                            "timeout_seconds": 240
                          }
                        ],
                        "volume_mounts": [],
                        "working_dir": ""
                      }
                    ],
                    "service_account_name": "625737625145-compute@developer.gserviceaccount.com",
                    "serving_state": "",
                    "timeout_seconds": 300,
                    "volumes": []
                  }
                ]
              }
            ],
            "timeouts": null,
            "traffic": [
              {
                "latest_revision": true,
                "percent": 100,
                "revision_name": "",
                "tag": "",
                "url": ""
              }
            ]
          },
          "sensitive_attributes": [],
          "identity_schema_version": 0,
          "private": "eyJlMmJmYjczMC1lY2FhLTExZTYtOGY4OC0zNDM2M2JjN2M0YzAiOnsiY3JlYXRlIjoxMjAwMDAwMDAwMDAwLCJkZWxldGUiOjEyMDAwMDAwMDAwMDAsInVwZGF0ZSI6MTIwMDAwMDAwMDAwMH0sInNjaGVtYV92ZXJzaW9uIjoiMiJ9"
        }
      ]
    },
    {
      "mode": "managed",
      "type": "google_cloud_run_service",
      "name": "simulation",
      "provider": "provider[\"registry.terraform.io/hashicorp/google\"]",
      "instances": [
        {
          "schema_version": 2,
          "attributes": {
            "autogenerate_revision_name": false,
            "id": "locations/europe-west1/namespaces/joakim-hansson-lab/services/kalles-simulation-engine",
            "location": "europe-west1",
            "metadata": [
              {
                "annotations": {},
                "effective_annotations": {
                  "run.googleapis.com/client-name": "gcloud",
                  "run.googleapis.com/client-version": "564.0.0",
                  "run.googleapis.com/ingress": "all",
                  "run.googleapis.com/ingress-status": "all",
                  "run.googleapis.com/maxScale": "100",
                  "run.googleapis.com/operation-id": "c83c3bb6-0443-4d02-b649-4e41a75da427",
                  "run.googleapis.com/urls": "[\"https://kalles-simulation-engine-625737625145.europe-west1.run.app\",\"https://kalles-simulation-engine-w7fsmra4yq-ew.a.run.app\"]",
                  "serving.knative.dev/creator": "joakim.hansson@forefront.se",
                  "serving.knative.dev/lastModifier": "joakim.hansson@forefront.se"
                },
                "effective_labels": {
                  "cloud.googleapis.com/location": "europe-west1"
                },
                "generation": 75,
                "labels": {},
                "namespace": "joakim-hansson-lab",
                "resource_version": "AAZVnJq5lTU",
                "self_link": "/apis/serving.knative.dev/v1/namespaces/625737625145/services/kalles-simulation-engine",
                "terraform_labels": {},
                "uid": "3b88de53-2b80-4bfc-b8f8-9eac84afa9d8"
              }
            ],
            "name": "kalles-simulation-engine",
            "project": "joakim-hansson-lab",
            "status": [
              {
                "conditions": [
                  {
                    "message": "",
                    "reason": "",
                    "status": "True",
                    "type": "Ready"
                  },
                  {
                    "message": "",
                    "reason": "",
                    "status": "True",
                    "type": "ConfigurationsReady"
                  },
                  {
                    "message": "",
                    "reason": "",
                    "status": "True",
                    "type": "RoutesReady"
                  }
                ],
                "latest_created_revision_name": "kalles-simulation-engine-00075-q8r",
                "latest_ready_revision_name": "kalles-simulation-engine-00075-q8r",
                "observed_generation": 75,
                "traffic": [
                  {
                    "latest_revision": true,
                    "percent": 100,
                    "revision_name": "kalles-simulation-engine-00075-q8r",
                    "tag": "",
                    "url": ""
                  }
                ],
                "url": "https://kalles-simulation-engine-w7fsmra4yq-ew.a.run.app"
              }
            ],
            "template": [
              {
                "metadata": [
                  {
                    "annotations": {
                      "autoscaling.knative.dev/maxScale": "100",
                      "autoscaling.knative.dev/minScale": "0",
                      "run.googleapis.com/cloudsql-instances": "joakim-hansson-lab:europe-west1:kalles-shared-db-edb68743"
                    },
                    "generation": 0,
                    "labels": {
                      "client.knative.dev/nonce": "qraknceixk",
                      "run.googleapis.com/startupProbeType": "Default"
                    },
                    "name": "",
                    "namespace": "",
                    "resource_version": "",
                    "self_link": "",
                    "uid": ""
                  }
                ],
                "spec": [
                  {
                    "container_concurrency": 80,
                    "containers": [
                      {
                        "args": [],
                        "command": [],
                        "env": [
                          {
                            "name": "DATABASE_URL",
                            "value": "postgresql://postgres:postgres_prod_password@localhost:5432/kalles-simulation?host=/cloudsql/joakim-hansson-lab:europe-west1:kalles-shared-db-edb68743",
                            "value_from": []
                          },
                          {
                            "name": "HR_API_URL",
                            "value": "https://kalles-hr-w7fsmra4yq-ew.a.run.app",
                            "value_from": []
                          },
                          {
                            "name": "NODE_ENV",
                            "value": "production",
                            "value_from": []
                          },
                          {
                            "name": "TRAFIKLAB_KODA_KEY",
                            "value": "",
                            "value_from": [
                              {
                                "secret_key_ref": [
                                  {
                                    "key": "latest",
                                    "name": "trafiklab-koda-api-key"
                                  }
                                ]
                              }
                            ]
                          }
                        ],
                        "env_from": [],
                        "image": "europe-west1-docker.pkg.dev/joakim-hansson-lab/cloud-run-source-deploy/kalles-simulation-engine:20260702102007",
                        "liveness_probe": [],
                        "name": "",
                        "ports": [
                          {
                            "container_port": 8080,
                            "name": "http1",
                            "protocol": ""
                          }
                        ],
                        "resources": [
                          {
                            "limits": {
                              "cpu": "2000m",
                              "memory": "4096Mi"
                            },
                            "requests": {}
                          }
                        ],
                        "startup_probe": [
                          {
                            "failure_threshold": 1,
                            "grpc": [],
                            "http_get": [],
                            "initial_delay_seconds": 0,
                            "period_seconds": 240,
                            "tcp_socket": [
                              {
                                "port": 8080
                              }
                            ],
                            "timeout_seconds": 240
                          }
                        ],
                        "volume_mounts": [],
                        "working_dir": ""
                      }
                    ],
                    "service_account_name": "625737625145-compute@developer.gserviceaccount.com",
                    "serving_state": "",
                    "timeout_seconds": 3600,
                    "volumes": []
                  }
                ]
              }
            ],
            "timeouts": null,
            "traffic": [
              {
                "latest_revision": true,
                "percent": 100,
                "revision_name": "",
                "tag": "",
                "url": ""
              }
            ]
          },
          "sensitive_attributes": [],
          "identity_schema_version": 0,
          "private": "eyJlMmJmYjczMC1lY2FhLTExZTYtOGY4OC0zNDM2M2JjN2M0YzAiOnsiY3JlYXRlIjoxMjAwMDAwMDAwMDAwLCJkZWxldGUiOjEyMDAwMDAwMDAwMDAsInVwZGF0ZSI6MTIwMDAwMDAwMDAwMH0sInNjaGVtYV92ZXJzaW9uIjoiMiJ9",
          "dependencies": [
            "google_secret_manager_secret.trafiklab_koda_key",
            "google_secret_manager_secret_iam_member.simulation_koda_secret_access",
            "google_sql_database_instance.shared_db",
            "random_id.db_suffix"
          ]
        }
      ]
    },
    {
      "mode": "managed",
      "type": "google_cloud_run_service",
      "name": "simulation_control",
      "provider": "provider[\"registry.terraform.io/hashicorp/google\"]",
      "instances": [
        {
          "schema_version": 2,
          "attributes": {
            "autogenerate_revision_name": false,
            "id": "locations/europe-west1/namespaces/joakim-hansson-lab/services/kalles-simulation-control",
            "location": "europe-west1",
            "metadata": [
              {
                "annotations": {},
                "effective_annotations": {
                  "run.googleapis.com/client-name": "gcloud",
                  "run.googleapis.com/client-version": "564.0.0",
                  "run.googleapis.com/ingress": "all",
                  "run.googleapis.com/ingress-status": "all",
                  "run.googleapis.com/maxScale": "100",
                  "run.googleapis.com/operation-id": "a3615b51-eacf-4a0b-a666-ab65ff367be6",
                  "run.googleapis.com/urls": "[\"https://kalles-simulation-control-625737625145.europe-west1.run.app\",\"https://kalles-simulation-control-w7fsmra4yq-ew.a.run.app\"]",
                  "serving.knative.dev/creator": "joakim.hansson@forefront.se",
                  "serving.knative.dev/lastModifier": "joakim.hansson@forefront.se"
                },
                "effective_labels": {
                  "cloud.googleapis.com/location": "europe-west1"
                },
                "generation": 66,
                "labels": {},
                "namespace": "joakim-hansson-lab",
                "resource_version": "AAZVnJl1lMU",
                "self_link": "/apis/serving.knative.dev/v1/namespaces/625737625145/services/kalles-simulation-control",
                "terraform_labels": {},
                "uid": "c3a499f3-9631-47eb-b580-10c9c8994e4f"
              }
            ],
            "name": "kalles-simulation-control",
            "project": "joakim-hansson-lab",
            "status": [
              {
                "conditions": [
                  {
                    "message": "",
                    "reason": "",
                    "status": "True",
                    "type": "Ready"
                  },
                  {
                    "message": "",
                    "reason": "",
                    "status": "True",
                    "type": "ConfigurationsReady"
                  },
                  {
                    "message": "",
                    "reason": "",
                    "status": "True",
                    "type": "RoutesReady"
                  }
                ],
                "latest_created_revision_name": "kalles-simulation-control-00066-nlr",
                "latest_ready_revision_name": "kalles-simulation-control-00066-nlr",
                "observed_generation": 66,
                "traffic": [
                  {
                    "latest_revision": true,
                    "percent": 100,
                    "revision_name": "kalles-simulation-control-00066-nlr",
                    "tag": "",
                    "url": ""
                  }
                ],
                "url": "https://kalles-simulation-control-w7fsmra4yq-ew.a.run.app"
              }
            ],
            "template": [
              {
                "metadata": [
                  {
                    "annotations": {
                      "autoscaling.knative.dev/maxScale": "100",
                      "autoscaling.knative.dev/minScale": "0"
                    },
                    "generation": 0,
                    "labels": {
                      "client.knative.dev/nonce": "iioatmjeme",
                      "run.googleapis.com/startupProbeType": "Default"
                    },
                    "name": "",
                    "namespace": "",
                    "resource_version": "",
                    "self_link": "",
                    "uid": ""
                  }
                ],
                "spec": [
                  {
                    "container_concurrency": 80,
                    "containers": [
                      {
                        "args": [],
                        "command": [],
                        "env": [
                          {
                            "name": "VITE_PORTAL_URL",
                            "value": "https://kalles-portal-w7fsmra4yq-ew.a.run.app",
                            "value_from": []
                          }
                        ],
                        "env_from": [],
                        "image": "europe-west1-docker.pkg.dev/joakim-hansson-lab/cloud-run-source-deploy/kalles-simulation-control:20260702102007",
                        "liveness_probe": [],
                        "name": "",
                        "ports": [
                          {
                            "container_port": 8080,
                            "name": "http1",
                            "protocol": ""
                          }
                        ],
                        "resources": [
                          {
                            "limits": {
                              "cpu": "1000m",
                              "memory": "512Mi"
                            },
                            "requests": {}
                          }
                        ],
                        "startup_probe": [
                          {
                            "failure_threshold": 1,
                            "grpc": [],
                            "http_get": [],
                            "initial_delay_seconds": 0,
                            "period_seconds": 240,
                            "tcp_socket": [
                              {
                                "port": 8080
                              }
                            ],
                            "timeout_seconds": 240
                          }
                        ],
                        "volume_mounts": [],
                        "working_dir": ""
                      }
                    ],
                    "service_account_name": "625737625145-compute@developer.gserviceaccount.com",
                    "serving_state": "",
                    "timeout_seconds": 300,
                    "volumes": []
                  }
                ]
              }
            ],
            "timeouts": null,
            "traffic": [
              {
                "latest_revision": true,
                "percent": 100,
                "revision_name": "",
                "tag": "",
                "url": ""
              }
            ]
          },
          "sensitive_attributes": [],
          "identity_schema_version": 0,
          "private": "eyJlMmJmYjczMC1lY2FhLTExZTYtOGY4OC0zNDM2M2JjN2M0YzAiOnsiY3JlYXRlIjoxMjAwMDAwMDAwMDAwLCJkZWxldGUiOjEyMDAwMDAwMDAwMDAsInVwZGF0ZSI6MTIwMDAwMDAwMDAwMH0sInNjaGVtYV92ZXJzaW9uIjoiMiJ9"
        }
      ]
    },
    {
      "mode": "managed",
      "type": "google_cloud_run_service",
      "name": "traffic",
      "provider": "provider[\"registry.terraform.io/hashicorp/google\"]",
      "instances": [
        {
          "schema_version": 2,
          "attributes": {
            "autogenerate_revision_name": false,
            "id": "locations/europe-west1/namespaces/joakim-hansson-lab/services/kalles-traffic",
            "location": "europe-west1",
            "metadata": [
              {
                "annotations": {},
                "effective_annotations": {
                  "run.googleapis.com/client-name": "gcloud",
                  "run.googleapis.com/client-version": "564.0.0",
                  "run.googleapis.com/ingress": "all",
                  "run.googleapis.com/ingress-status": "all",
                  "run.googleapis.com/maxScale": "100",
                  "run.googleapis.com/operation-id": "888f97cc-20c1-4c81-b2f0-9068f6e8127b",
                  "run.googleapis.com/urls": "[\"https://kalles-traffic-625737625145.europe-west1.run.app\",\"https://kalles-traffic-w7fsmra4yq-ew.a.run.app\"]",
                  "serving.knative.dev/creator": "joakim.hansson@forefront.se",
                  "serving.knative.dev/lastModifier": "joakim.hansson@forefront.se"
                },
                "effective_labels": {
                  "cloud.googleapis.com/location": "europe-west1"
                },
                "generation": 82,
                "labels": {},
                "namespace": "joakim-hansson-lab",
                "resource_version": "AAZVnJscDDM",
                "self_link": "/apis/serving.knative.dev/v1/namespaces/625737625145/services/kalles-traffic",
                "terraform_labels": {},
                "uid": "b90e9580-e954-4456-8443-94d29ff0b7fd"
              }
            ],
            "name": "kalles-traffic",
            "project": "joakim-hansson-lab",
            "status": [
              {
                "conditions": [
                  {
                    "message": "",
                    "reason": "",
                    "status": "True",
                    "type": "Ready"
                  },
                  {
                    "message": "",
                    "reason": "",
                    "status": "True",
                    "type": "ConfigurationsReady"
                  },
                  {
                    "message": "",
                    "reason": "",
                    "status": "True",
                    "type": "RoutesReady"
                  }
                ],
                "latest_created_revision_name": "kalles-traffic-00082-f5w",
                "latest_ready_revision_name": "kalles-traffic-00082-f5w",
                "observed_generation": 82,
                "traffic": [
                  {
                    "latest_revision": true,
                    "percent": 100,
                    "revision_name": "kalles-traffic-00082-f5w",
                    "tag": "",
                    "url": ""
                  }
                ],
                "url": "https://kalles-traffic-w7fsmra4yq-ew.a.run.app"
              }
            ],
            "template": [
              {
                "metadata": [
                  {
                    "annotations": {
                      "autoscaling.knative.dev/maxScale": "100",
                      "autoscaling.knative.dev/minScale": "0",
                      "run.googleapis.com/client-name": "terraform",
                      "run.googleapis.com/cloudsql-instances": "joakim-hansson-lab:europe-west1:kalles-shared-db-edb68743"
                    },
                    "generation": 0,
                    "labels": {
                      "client.knative.dev/nonce": "eqwinoorvz",
                      "run.googleapis.com/startupProbeType": "Default"
                    },
                    "name": "",
                    "namespace": "",
                    "resource_version": "",
                    "self_link": "",
                    "uid": ""
                  }
                ],
                "spec": [
                  {
                    "container_concurrency": 80,
                    "containers": [
                      {
                        "args": [],
                        "command": [],
                        "env": [
                          {
                            "name": "CLOUD_SQL_CONNECTION_NAME",
                            "value": "joakim-hansson-lab:europe-west1:kalles-shared-db-edb68743",
                            "value_from": []
                          },
                          {
                            "name": "DB_NAME",
                            "value": "kalles-traffic",
                            "value_from": []
                          },
                          {
                            "name": "DB_PASSWORD",
                            "value": "postgres_prod_password",
                            "value_from": []
                          },
                          {
                            "name": "DB_USER",
                            "value": "postgres",
                            "value_from": []
                          },
                          {
                            "name": "NODE_ENV",
                            "value": "production",
                            "value_from": []
                          }
                        ],
                        "env_from": [],
                        "image": "europe-west1-docker.pkg.dev/joakim-hansson-lab/cloud-run-source-deploy/kalles-traffic:20260702102007",
                        "liveness_probe": [],
                        "name": "",
                        "ports": [
                          {
                            "container_port": 8080,
                            "name": "http1",
                            "protocol": ""
                          }
                        ],
                        "resources": [
                          {
                            "limits": {
                              "cpu": "1000m",
                              "memory": "512Mi"
                            },
                            "requests": {}
                          }
                        ],
                        "startup_probe": [
                          {
                            "failure_threshold": 1,
                            "grpc": [],
                            "http_get": [],
                            "initial_delay_seconds": 0,
                            "period_seconds": 240,
                            "tcp_socket": [
                              {
                                "port": 8080
                              }
                            ],
                            "timeout_seconds": 240
                          }
                        ],
                        "volume_mounts": [],
                        "working_dir": ""
                      }
                    ],
                    "service_account_name": "625737625145-compute@developer.gserviceaccount.com",
                    "serving_state": "",
                    "timeout_seconds": 300,
                    "volumes": []
                  }
                ]
              }
            ],
            "timeouts": null,
            "traffic": [
              {
                "latest_revision": true,
                "percent": 100,
                "revision_name": "",
                "tag": "",
                "url": ""
              }
            ]
          },
          "sensitive_attributes": [],
          "identity_schema_version": 0,
          "private": "eyJlMmJmYjczMC1lY2FhLTExZTYtOGY4OC0zNDM2M2JjN2M0YzAiOnsiY3JlYXRlIjoxMjAwMDAwMDAwMDAwLCJkZWxldGUiOjEyMDAwMDAwMDAwMDAsInVwZGF0ZSI6MTIwMDAwMDAwMDAwMH0sInNjaGVtYV92ZXJzaW9uIjoiMiJ9",
          "dependencies": [
            "google_sql_database_instance.shared_db",
            "random_id.db_suffix"
          ]
        }
      ]
    },
    {
      "mode": "managed",
      "type": "google_cloud_run_service_iam_member",
      "name": "adapters_public",
      "provider": "provider[\"registry.terraform.io/hashicorp/google\"]",
      "instances": [
        {
          "schema_version": 0,
          "attributes": {
            "condition": [],
            "etag": "BwZQMVACWoM=",
            "id": "v1/projects/joakim-hansson-lab/locations/europe-west1/services/kalles-adapters/roles/run.invoker/allUsers",
            "location": "europe-west1",
            "member": "allUsers",
            "project": "joakim-hansson-lab",
            "role": "roles/run.invoker",
            "service": "v1/projects/joakim-hansson-lab/locations/europe-west1/services/kalles-adapters"
          },
          "sensitive_attributes": [],
          "identity_schema_version": 0,
          "private": "bnVsbA==",
          "dependencies": [
            "google_cloud_run_service.adapters",
            "google_secret_manager_secret.trafiklab_netex_key",
            "google_secret_manager_secret.trafiklab_realtime_key",
            "google_secret_manager_secret_iam_member.adapters_netex_secret_access",
            "google_secret_manager_secret_iam_member.adapters_realtime_secret_access"
          ]
        }
      ]
    },
    {
      "mode": "managed",
      "type": "google_cloud_run_service_iam_member",
      "name": "bff_public",
      "provider": "provider[\"registry.terraform.io/hashicorp/google\"]",
      "instances": [
        {
          "schema_version": 0,
          "attributes": {
            "condition": [],
            "etag": "BwZQIBDyFzk=",
            "id": "v1/projects/joakim-hansson-lab/locations/europe-west1/services/kalles-bff/roles/run.invoker/allUsers",
            "location": "europe-west1",
            "member": "allUsers",
            "project": "joakim-hansson-lab",
            "role": "roles/run.invoker",
            "service": "v1/projects/joakim-hansson-lab/locations/europe-west1/services/kalles-bff"
          },
          "sensitive_attributes": [],
          "identity_schema_version": 0,
          "private": "bnVsbA==",
          "dependencies": [
            "google_cloud_run_service.bff"
          ]
        }
      ]
    },
    {
      "mode": "managed",
      "type": "google_cloud_run_service_iam_member",
      "name": "energy_public",
      "provider": "provider[\"registry.terraform.io/hashicorp/google\"]",
      "instances": [
        {
          "schema_version": 0,
          "attributes": {
            "condition": [],
            "etag": "BwZQH6yPLjc=",
            "id": "v1/projects/joakim-hansson-lab/locations/europe-west1/services/kalles-energy-depot/roles/run.invoker/allUsers",
            "location": "europe-west1",
            "member": "allUsers",
            "project": "joakim-hansson-lab",
            "role": "roles/run.invoker",
            "service": "v1/projects/joakim-hansson-lab/locations/europe-west1/services/kalles-energy-depot"
          },
          "sensitive_attributes": [],
          "identity_schema_version": 0,
          "private": "bnVsbA==",
          "dependencies": [
            "google_cloud_run_service.energy",
            "google_sql_database_instance.shared_db",
            "random_id.db_suffix"
          ]
        }
      ]
    },
    {
      "mode": "managed",
      "type": "google_cloud_run_service_iam_member",
      "name": "finance_public",
      "provider": "provider[\"registry.terraform.io/hashicorp/google\"]",
      "instances": [
        {
          "schema_version": 0,
          "attributes": {
            "condition": [],
            "etag": "BwZQHIQX9p0=",
            "id": "v1/projects/joakim-hansson-lab/locations/europe-west1/services/kalles-finance/roles/run.invoker/allUsers",
            "location": "europe-west1",
            "member": "allUsers",
            "project": "joakim-hansson-lab",
            "role": "roles/run.invoker",
            "service": "v1/projects/joakim-hansson-lab/locations/europe-west1/services/kalles-finance"
          },
          "sensitive_attributes": [],
          "identity_schema_version": 0,
          "private": "bnVsbA==",
          "dependencies": [
            "google_cloud_run_service.finance",
            "google_sql_database_instance.shared_db",
            "random_id.db_suffix"
          ]
        }
      ]
    },
    {
      "mode": "managed",
      "type": "google_cloud_run_service_iam_member",
      "name": "hr_public",
      "provider": "provider[\"registry.terraform.io/hashicorp/google\"]",
      "instances": [
        {
          "schema_version": 0,
          "attributes": {
            "condition": [],
            "etag": "BwZQHCBC/AI=",
            "id": "v1/projects/joakim-hansson-lab/locations/europe-west1/services/kalles-hr/roles/run.invoker/allUsers",
            "location": "europe-west1",
            "member": "allUsers",
            "project": "joakim-hansson-lab",
            "role": "roles/run.invoker",
            "service": "v1/projects/joakim-hansson-lab/locations/europe-west1/services/kalles-hr"
          },
          "sensitive_attributes": [],
          "identity_schema_version": 0,
          "private": "bnVsbA==",
          "dependencies": [
            "google_cloud_run_service.hr",
            "google_sql_database_instance.shared_db",
            "random_id.db_suffix"
          ]
        }
      ]
    },
    {
      "mode": "managed",
      "type": "google_cloud_run_service_iam_member",
      "name": "portal_public",
      "provider": "provider[\"registry.terraform.io/hashicorp/google\"]",
      "instances": [
        {
          "schema_version": 0,
          "attributes": {
            "condition": [],
            "etag": "BwZQH/jcOVA=",
            "id": "v1/projects/joakim-hansson-lab/locations/europe-west1/services/kalles-portal/roles/run.invoker/allUsers",
            "location": "europe-west1",
            "member": "allUsers",
            "project": "joakim-hansson-lab",
            "role": "roles/run.invoker",
            "service": "v1/projects/joakim-hansson-lab/locations/europe-west1/services/kalles-portal"
          },
          "sensitive_attributes": [],
          "identity_schema_version": 0,
          "private": "bnVsbA==",
          "dependencies": [
            "google_cloud_run_service.portal"
          ]
        }
      ]
    },
    {
      "mode": "managed",
      "type": "google_cloud_run_service_iam_member",
      "name": "simulation_control_public",
      "provider": "provider[\"registry.terraform.io/hashicorp/google\"]",
      "instances": [
        {
          "schema_version": 0,
          "attributes": {
            "condition": [],
            "etag": "BwZROFEAW0g=",
            "id": "v1/projects/joakim-hansson-lab/locations/europe-west1/services/kalles-simulation-control/roles/run.invoker/allUsers",
            "location": "europe-west1",
            "member": "allUsers",
            "project": "joakim-hansson-lab",
            "role": "roles/run.invoker",
            "service": "v1/projects/joakim-hansson-lab/locations/europe-west1/services/kalles-simulation-control"
          },
          "sensitive_attributes": [],
          "identity_schema_version": 0,
          "private": "bnVsbA==",
          "dependencies": [
            "google_cloud_run_service.simulation_control"
          ]
        }
      ]
    },
    {
      "mode": "managed",
      "type": "google_cloud_run_service_iam_member",
      "name": "simulation_public",
      "provider": "provider[\"registry.terraform.io/hashicorp/google\"]",
      "instances": [
        {
          "schema_version": 0,
          "attributes": {
            "condition": [],
            "etag": "BwZQMVAGsLM=",
            "id": "v1/projects/joakim-hansson-lab/locations/europe-west1/services/kalles-simulation-engine/roles/run.invoker/allUsers",
            "location": "europe-west1",
            "member": "allUsers",
            "project": "joakim-hansson-lab",
            "role": "roles/run.invoker",
            "service": "v1/projects/joakim-hansson-lab/locations/europe-west1/services/kalles-simulation-engine"
          },
          "sensitive_attributes": [],
          "identity_schema_version": 0,
          "private": "bnVsbA==",
          "dependencies": [
            "google_cloud_run_service.simulation",
            "google_secret_manager_secret.trafiklab_koda_key",
            "google_secret_manager_secret_iam_member.simulation_koda_secret_access",
            "google_sql_database_instance.shared_db",
            "random_id.db_suffix"
          ]
        }
      ]
    },
    {
      "mode": "managed",
      "type": "google_cloud_run_service_iam_member",
      "name": "traffic_public",
      "provider": "provider[\"registry.terraform.io/hashicorp/google\"]",
      "instances": [
        {
          "schema_version": 0,
          "attributes": {
            "condition": [],
            "etag": "BwZQH/lZF4Q=",
            "id": "v1/projects/joakim-hansson-lab/locations/europe-west1/services/kalles-traffic/roles/run.invoker/allUsers",
            "location": "europe-west1",
            "member": "allUsers",
            "project": "joakim-hansson-lab",
            "role": "roles/run.invoker",
            "service": "v1/projects/joakim-hansson-lab/locations/europe-west1/services/kalles-traffic"
          },
          "sensitive_attributes": [],
          "identity_schema_version": 0,
          "private": "bnVsbA==",
          "dependencies": [
            "google_cloud_run_service.traffic",
            "google_sql_database_instance.shared_db",
            "random_id.db_suffix"
          ]
        }
      ]
    },
    {
      "mode": "managed",
      "type": "google_cloud_scheduler_job",
      "name": "netex_nightly_sync",
      "provider": "provider[\"registry.terraform.io/hashicorp/google\"]",
      "instances": [
        {
          "schema_version": 0,
          "attributes": {
            "app_engine_http_target": [],
            "attempt_deadline": "320s",
            "description": "Triggers the Adapters service to fetch NeTEx timetable from Trafiklab",
            "http_target": [
              {
                "body": "",
                "headers": {},
                "http_method": "POST",
                "oauth_token": [],
                "oidc_token": [],
                "uri": "https://kalles-adapters-w7fsmra4yq-ew.a.run.app/api/adapters/netex/sync"
              }
            ],
            "id": "projects/joakim-hansson-lab/locations/europe-west1/jobs/netex-nightly-sync",
            "name": "netex-nightly-sync",
            "paused": false,
            "project": "joakim-hansson-lab",
            "pubsub_target": [],
            "region": "europe-west1",
            "retry_config": [],
            "schedule": "0 2 * * *",
            "state": "ENABLED",
            "time_zone": "Europe/Stockholm",
            "timeouts": null
          },
          "sensitive_attributes": [],
          "identity_schema_version": 0,
          "private": "eyJlMmJmYjczMC1lY2FhLTExZTYtOGY4OC0zNDM2M2JjN2M0YzAiOnsiY3JlYXRlIjoxMjAwMDAwMDAwMDAwLCJkZWxldGUiOjEyMDAwMDAwMDAwMDAsInVwZGF0ZSI6MTIwMDAwMDAwMDAwMH19",
          "dependencies": [
            "google_cloud_run_service.adapters",
            "google_secret_manager_secret.trafiklab_netex_key",
            "google_secret_manager_secret.trafiklab_realtime_key",
            "google_secret_manager_secret_iam_member.adapters_netex_secret_access",
            "google_secret_manager_secret_iam_member.adapters_realtime_secret_access"
          ]
        }
      ]
    },
    {
      "mode": "managed",
      "type": "google_pubsub_subscription",
      "name": "depot_optimization_sub",
      "provider": "provider[\"registry.terraform.io/hashicorp/google\"]",
      "instances": [
        {
          "schema_version": 0,
          "attributes": {
            "ack_deadline_seconds": 60,
            "bigquery_config": [],
            "cloud_storage_config": [],
            "dead_letter_policy": [],
            "effective_labels": {},
            "enable_exactly_once_delivery": false,
            "enable_message_ordering": false,
            "expiration_policy": [
              {
                "ttl": ""
              }
            ],
            "filter": "",
            "id": "projects/joakim-hansson-lab/subscriptions/depot-optimization-sub",
            "labels": {},
            "message_retention_duration": "604800s",
            "name": "depot-optimization-sub",
            "project": "joakim-hansson-lab",
            "push_config": [],
            "retain_acked_messages": false,
            "retry_policy": [],
            "terraform_labels": {},
            "timeouts": null,
            "topic": "projects/joakim-hansson-lab/topics/finance-events"
          },
          "sensitive_attributes": [],
          "identity_schema_version": 0,
          "private": "eyJlMmJmYjczMC1lY2FhLTExZTYtOGY4OC0zNDM2M2JjN2M0YzAiOnsiY3JlYXRlIjoxMjAwMDAwMDAwMDAwLCJkZWxldGUiOjEyMDAwMDAwMDAwMDAsInVwZGF0ZSI6MTIwMDAwMDAwMDAwMH19",
          "dependencies": [
            "google_pubsub_topic.finance_events"
          ]
        }
      ]
    },
    {
      "mode": "managed",
      "type": "google_pubsub_subscription",
      "name": "depot_telematics_sub",
      "provider": "provider[\"registry.terraform.io/hashicorp/google\"]",
      "instances": [
        {
          "schema_version": 0,
          "attributes": {
            "ack_deadline_seconds": 60,
            "bigquery_config": [],
            "cloud_storage_config": [],
            "dead_letter_policy": [],
            "effective_labels": {},
            "enable_exactly_once_delivery": false,
            "enable_message_ordering": false,
            "expiration_policy": [
              {
                "ttl": ""
              }
            ],
            "filter": "",
            "id": "projects/joakim-hansson-lab/subscriptions/depot-telematics-sub",
            "labels": {},
            "message_retention_duration": "604800s",
            "name": "depot-telematics-sub",
            "project": "joakim-hansson-lab",
            "push_config": [],
            "retain_acked_messages": false,
            "retry_policy": [],
            "terraform_labels": {},
            "timeouts": null,
            "topic": "projects/joakim-hansson-lab/topics/telematics-events"
          },
          "sensitive_attributes": [],
          "identity_schema_version": 0,
          "private": "eyJlMmJmYjczMC1lY2FhLTExZTYtOGY4OC0zNDM2M2JjN2M0YzAiOnsiY3JlYXRlIjoxMjAwMDAwMDAwMDAwLCJkZWxldGUiOjEyMDAwMDAwMDAwMDAsInVwZGF0ZSI6MTIwMDAwMDAwMDAwMH19",
          "dependencies": [
            "google_pubsub_topic.telematics_events"
          ]
        }
      ]
    },
    {
      "mode": "managed",
      "type": "google_pubsub_subscription",
      "name": "finance_billing_sub",
      "provider": "provider[\"registry.terraform.io/hashicorp/google\"]",
      "instances": [
        {
          "schema_version": 0,
          "attributes": {
            "ack_deadline_seconds": 60,
            "bigquery_config": [],
            "cloud_storage_config": [],
            "dead_letter_policy": [],
            "effective_labels": {},
            "enable_exactly_once_delivery": false,
            "enable_message_ordering": false,
            "expiration_policy": [
              {
                "ttl": ""
              }
            ],
            "filter": "",
            "id": "projects/joakim-hansson-lab/subscriptions/finance-billing-sub",
            "labels": {},
            "message_retention_duration": "604800s",
            "name": "finance-billing-sub",
            "project": "joakim-hansson-lab",
            "push_config": [],
            "retain_acked_messages": false,
            "retry_policy": [],
            "terraform_labels": {},
            "timeouts": null,
            "topic": "projects/joakim-hansson-lab/topics/traffic-events"
          },
          "sensitive_attributes": [],
          "identity_schema_version": 0,
          "private": "eyJlMmJmYjczMC1lY2FhLTExZTYtOGY4OC0zNDM2M2JjN2M0YzAiOnsiY3JlYXRlIjoxMjAwMDAwMDAwMDAwLCJkZWxldGUiOjEyMDAwMDAwMDAwMDAsInVwZGF0ZSI6MTIwMDAwMDAwMDAwMH19",
          "dependencies": [
            "google_pubsub_topic.traffic_events"
          ]
        }
      ]
    },
    {
      "mode": "managed",
      "type": "google_pubsub_subscription",
      "name": "finance_hr_listener_sub",
      "provider": "provider[\"registry.terraform.io/hashicorp/google\"]",
      "instances": [
        {
          "schema_version": 0,
          "attributes": {
            "ack_deadline_seconds": 60,
            "bigquery_config": [],
            "cloud_storage_config": [],
            "dead_letter_policy": [],
            "effective_labels": {},
            "enable_exactly_once_delivery": false,
            "enable_message_ordering": false,
            "expiration_policy": [
              {
                "ttl": ""
              }
            ],
            "filter": "",
            "id": "projects/joakim-hansson-lab/subscriptions/finance-hr-listener-sub",
            "labels": {},
            "message_retention_duration": "604800s",
            "name": "finance-hr-listener-sub",
            "project": "joakim-hansson-lab",
            "push_config": [],
            "retain_acked_messages": false,
            "retry_policy": [],
            "terraform_labels": {},
            "timeouts": null,
            "topic": "projects/joakim-hansson-lab/topics/hr-events"
          },
          "sensitive_attributes": [],
          "identity_schema_version": 0,
          "private": "eyJlMmJmYjczMC1lY2FhLTExZTYtOGY4OC0zNDM2M2JjN2M0YzAiOnsiY3JlYXRlIjoxMjAwMDAwMDAwMDAwLCJkZWxldGUiOjEyMDAwMDAwMDAwMDAsInVwZGF0ZSI6MTIwMDAwMDAwMDAwMH19",
          "dependencies": [
            "google_pubsub_topic.hr_events"
          ]
        }
      ]
    },
    {
      "mode": "managed",
      "type": "google_pubsub_subscription",
      "name": "finance_internal_sub",
      "provider": "provider[\"registry.terraform.io/hashicorp/google\"]",
      "instances": [
        {
          "schema_version": 0,
          "attributes": {
            "ack_deadline_seconds": 60,
            "bigquery_config": [],
            "cloud_storage_config": [],
            "dead_letter_policy": [],
            "effective_labels": {},
            "enable_exactly_once_delivery": false,
            "enable_message_ordering": false,
            "expiration_policy": [
              {
                "ttl": ""
              }
            ],
            "filter": "",
            "id": "projects/joakim-hansson-lab/subscriptions/finance-internal-sub",
            "labels": {},
            "message_retention_duration": "604800s",
            "name": "finance-internal-sub",
            "project": "joakim-hansson-lab",
            "push_config": [],
            "retain_acked_messages": false,
            "retry_policy": [],
            "terraform_labels": {},
            "timeouts": null,
            "topic": "projects/joakim-hansson-lab/topics/finance-events"
          },
          "sensitive_attributes": [],
          "identity_schema_version": 0,
          "private": "eyJlMmJmYjczMC1lY2FhLTExZTYtOGY4OC0zNDM2M2JjN2M0YzAiOnsiY3JlYXRlIjoxMjAwMDAwMDAwMDAwLCJkZWxldGUiOjEyMDAwMDAwMDAwMDAsInVwZGF0ZSI6MTIwMDAwMDAwMDAwMH19",
          "dependencies": [
            "google_pubsub_topic.finance_events"
          ]
        }
      ]
    },
    {
      "mode": "managed",
      "type": "google_pubsub_subscription",
      "name": "hr_guardrails_sub",
      "provider": "provider[\"registry.terraform.io/hashicorp/google\"]",
      "instances": [
        {
          "schema_version": 0,
          "attributes": {
            "ack_deadline_seconds": 60,
            "bigquery_config": [],
            "cloud_storage_config": [],
            "dead_letter_policy": [],
            "effective_labels": {},
            "enable_exactly_once_delivery": false,
            "enable_message_ordering": false,
            "expiration_policy": [
              {
                "ttl": ""
              }
            ],
            "filter": "",
            "id": "projects/joakim-hansson-lab/subscriptions/hr-guardrails-sub",
            "labels": {},
            "message_retention_duration": "604800s",
            "name": "hr-guardrails-sub",
            "project": "joakim-hansson-lab",
            "push_config": [],
            "retain_acked_messages": false,
            "retry_policy": [],
            "terraform_labels": {},
            "timeouts": null,
            "topic": "projects/joakim-hansson-lab/topics/hr-events"
          },
          "sensitive_attributes": [],
          "identity_schema_version": 0,
          "private": "eyJlMmJmYjczMC1lY2FhLTExZTYtOGY4OC0zNDM2M2JjN2M0YzAiOnsiY3JlYXRlIjoxMjAwMDAwMDAwMDAwLCJkZWxldGUiOjEyMDAwMDAwMDAwMDAsInVwZGF0ZSI6MTIwMDAwMDAwMDAwMH19",
          "dependencies": [
            "google_pubsub_topic.hr_events"
          ]
        }
      ]
    },
    {
      "mode": "managed",
      "type": "google_pubsub_subscription",
      "name": "hr_traffic_listener_sub",
      "provider": "provider[\"registry.terraform.io/hashicorp/google\"]",
      "instances": [
        {
          "schema_version": 0,
          "attributes": {
            "ack_deadline_seconds": 60,
            "bigquery_config": [],
            "cloud_storage_config": [],
            "dead_letter_policy": [],
            "effective_labels": {},
            "enable_exactly_once_delivery": false,
            "enable_message_ordering": false,
            "expiration_policy": [
              {
                "ttl": ""
              }
            ],
            "filter": "",
            "id": "projects/joakim-hansson-lab/subscriptions/hr-traffic-listener-sub",
            "labels": {},
            "message_retention_duration": "604800s",
            "name": "hr-traffic-listener-sub",
            "project": "joakim-hansson-lab",
            "push_config": [],
            "retain_acked_messages": false,
            "retry_policy": [],
            "terraform_labels": {},
            "timeouts": null,
            "topic": "projects/joakim-hansson-lab/topics/traffic-events"
          },
          "sensitive_attributes": [],
          "identity_schema_version": 0,
          "private": "eyJlMmJmYjczMC1lY2FhLTExZTYtOGY4OC0zNDM2M2JjN2M0YzAiOnsiY3JlYXRlIjoxMjAwMDAwMDAwMDAwLCJkZWxldGUiOjEyMDAwMDAwMDAwMDAsInVwZGF0ZSI6MTIwMDAwMDAwMDAwMH19",
          "dependencies": [
            "google_pubsub_topic.traffic_events"
          ]
        }
      ]
    },
    {
      "mode": "managed",
      "type": "google_pubsub_subscription",
      "name": "telemetry_finance_sub",
      "provider": "provider[\"registry.terraform.io/hashicorp/google\"]",
      "instances": [
        {
          "schema_version": 0,
          "attributes": {
            "ack_deadline_seconds": 10,
            "bigquery_config": [],
            "cloud_storage_config": [],
            "dead_letter_policy": [],
            "effective_labels": {},
            "enable_exactly_once_delivery": false,
            "enable_message_ordering": false,
            "expiration_policy": [
              {
                "ttl": ""
              }
            ],
            "filter": "",
            "id": "projects/joakim-hansson-lab/subscriptions/telemetry-finance-sub",
            "labels": {},
            "message_retention_duration": "604800s",
            "name": "telemetry-finance-sub",
            "project": "joakim-hansson-lab",
            "push_config": [],
            "retain_acked_messages": false,
            "retry_policy": [],
            "terraform_labels": {},
            "timeouts": null,
            "topic": "projects/joakim-hansson-lab/topics/finance-events"
          },
          "sensitive_attributes": [],
          "identity_schema_version": 0,
          "private": "eyJlMmJmYjczMC1lY2FhLTExZTYtOGY4OC0zNDM2M2JjN2M0YzAiOnsiY3JlYXRlIjoxMjAwMDAwMDAwMDAwLCJkZWxldGUiOjEyMDAwMDAwMDAwMDAsInVwZGF0ZSI6MTIwMDAwMDAwMDAwMH19",
          "dependencies": [
            "google_pubsub_topic.finance_events"
          ]
        }
      ]
    },
    {
      "mode": "managed",
      "type": "google_pubsub_subscription",
      "name": "telemetry_hr_sub",
      "provider": "provider[\"registry.terraform.io/hashicorp/google\"]",
      "instances": [
        {
          "schema_version": 0,
          "attributes": {
            "ack_deadline_seconds": 10,
            "bigquery_config": [],
            "cloud_storage_config": [],
            "dead_letter_policy": [],
            "effective_labels": {},
            "enable_exactly_once_delivery": false,
            "enable_message_ordering": false,
            "expiration_policy": [
              {
                "ttl": ""
              }
            ],
            "filter": "",
            "id": "projects/joakim-hansson-lab/subscriptions/telemetry-hr-sub",
            "labels": {},
            "message_retention_duration": "604800s",
            "name": "telemetry-hr-sub",
            "project": "joakim-hansson-lab",
            "push_config": [],
            "retain_acked_messages": false,
            "retry_policy": [],
            "terraform_labels": {},
            "timeouts": null,
            "topic": "projects/joakim-hansson-lab/topics/hr-events"
          },
          "sensitive_attributes": [],
          "identity_schema_version": 0,
          "private": "eyJlMmJmYjczMC1lY2FhLTExZTYtOGY4OC0zNDM2M2JjN2M0YzAiOnsiY3JlYXRlIjoxMjAwMDAwMDAwMDAwLCJkZWxldGUiOjEyMDAwMDAwMDAwMDAsInVwZGF0ZSI6MTIwMDAwMDAwMDAwMH19",
          "dependencies": [
            "google_pubsub_topic.hr_events"
          ]
        }
      ]
    },
    {
      "mode": "managed",
      "type": "google_pubsub_subscription",
      "name": "telemetry_telematics_sub",
      "provider": "provider[\"registry.terraform.io/hashicorp/google\"]",
      "instances": [
        {
          "schema_version": 0,
          "attributes": {
            "ack_deadline_seconds": 10,
            "bigquery_config": [],
            "cloud_storage_config": [],
            "dead_letter_policy": [],
            "effective_labels": {},
            "enable_exactly_once_delivery": false,
            "enable_message_ordering": false,
            "expiration_policy": [
              {
                "ttl": ""
              }
            ],
            "filter": "",
            "id": "projects/joakim-hansson-lab/subscriptions/telemetry-telematics-sub",
            "labels": {},
            "message_retention_duration": "604800s",
            "name": "telemetry-telematics-sub",
            "project": "joakim-hansson-lab",
            "push_config": [],
            "retain_acked_messages": false,
            "retry_policy": [],
            "terraform_labels": {},
            "timeouts": null,
            "topic": "projects/joakim-hansson-lab/topics/telematics-events"
          },
          "sensitive_attributes": [],
          "identity_schema_version": 0,
          "private": "eyJlMmJmYjczMC1lY2FhLTExZTYtOGY4OC0zNDM2M2JjN2M0YzAiOnsiY3JlYXRlIjoxMjAwMDAwMDAwMDAwLCJkZWxldGUiOjEyMDAwMDAwMDAwMDAsInVwZGF0ZSI6MTIwMDAwMDAwMDAwMH19",
          "dependencies": [
            "google_pubsub_topic.telematics_events"
          ]
        }
      ]
    },
    {
      "mode": "managed",
      "type": "google_pubsub_subscription",
      "name": "telemetry_traffic_sub",
      "provider": "provider[\"registry.terraform.io/hashicorp/google\"]",
      "instances": [
        {
          "schema_version": 0,
          "attributes": {
            "ack_deadline_seconds": 10,
            "bigquery_config": [],
            "cloud_storage_config": [],
            "dead_letter_policy": [],
            "effective_labels": {},
            "enable_exactly_once_delivery": false,
            "enable_message_ordering": false,
            "expiration_policy": [
              {
                "ttl": ""
              }
            ],
            "filter": "",
            "id": "projects/joakim-hansson-lab/subscriptions/telemetry-traffic-sub",
            "labels": {},
            "message_retention_duration": "604800s",
            "name": "telemetry-traffic-sub",
            "project": "joakim-hansson-lab",
            "push_config": [],
            "retain_acked_messages": false,
            "retry_policy": [],
            "terraform_labels": {},
            "timeouts": null,
            "topic": "projects/joakim-hansson-lab/topics/traffic-events"
          },
          "sensitive_attributes": [],
          "identity_schema_version": 0,
          "private": "eyJlMmJmYjczMC1lY2FhLTExZTYtOGY4OC0zNDM2M2JjN2M0YzAiOnsiY3JlYXRlIjoxMjAwMDAwMDAwMDAwLCJkZWxldGUiOjEyMDAwMDAwMDAwMDAsInVwZGF0ZSI6MTIwMDAwMDAwMDAwMH19",
          "dependencies": [
            "google_pubsub_topic.traffic_events"
          ]
        }
      ]
    },
    {
      "mode": "managed",
      "type": "google_pubsub_subscription",
      "name": "telemetry_weather_sub",
      "provider": "provider[\"registry.terraform.io/hashicorp/google\"]",
      "instances": [
        {
          "schema_version": 0,
          "attributes": {
            "ack_deadline_seconds": 10,
            "bigquery_config": [],
            "cloud_storage_config": [],
            "dead_letter_policy": [],
            "effective_labels": {},
            "enable_exactly_once_delivery": false,
            "enable_message_ordering": false,
            "expiration_policy": [
              {
                "ttl": ""
              }
            ],
            "filter": "",
            "id": "projects/joakim-hansson-lab/subscriptions/telemetry-weather-sub",
            "labels": {},
            "message_retention_duration": "604800s",
            "name": "telemetry-weather-sub",
            "project": "joakim-hansson-lab",
            "push_config": [],
            "retain_acked_messages": false,
            "retry_policy": [],
            "terraform_labels": {},
            "timeouts": null,
            "topic": "projects/joakim-hansson-lab/topics/weather-events"
          },
          "sensitive_attributes": [],
          "identity_schema_version": 0,
          "private": "eyJlMmJmYjczMC1lY2FhLTExZTYtOGY4OC0zNDM2M2JjN2M0YzAiOnsiY3JlYXRlIjoxMjAwMDAwMDAwMDAwLCJkZWxldGUiOjEyMDAwMDAwMDAwMDAsInVwZGF0ZSI6MTIwMDAwMDAwMDAwMH19",
          "dependencies": [
            "google_pubsub_topic.weather_events"
          ]
        }
      ]
    },
    {
      "mode": "managed",
      "type": "google_pubsub_subscription",
      "name": "traffic_scheduler_internal_sub",
      "provider": "provider[\"registry.terraform.io/hashicorp/google\"]",
      "instances": [
        {
          "schema_version": 0,
          "attributes": {
            "ack_deadline_seconds": 60,
            "bigquery_config": [],
            "cloud_storage_config": [],
            "dead_letter_policy": [],
            "effective_labels": {},
            "enable_exactly_once_delivery": false,
            "enable_message_ordering": false,
            "expiration_policy": [
              {
                "ttl": ""
              }
            ],
            "filter": "",
            "id": "projects/joakim-hansson-lab/subscriptions/traffic-scheduler-internal-sub",
            "labels": {},
            "message_retention_duration": "604800s",
            "name": "traffic-scheduler-internal-sub",
            "project": "joakim-hansson-lab",
            "push_config": [],
            "retain_acked_messages": false,
            "retry_policy": [],
            "terraform_labels": {},
            "timeouts": null,
            "topic": "projects/joakim-hansson-lab/topics/traffic-events"
          },
          "sensitive_attributes": [],
          "identity_schema_version": 0,
          "private": "eyJlMmJmYjczMC1lY2FhLTExZTYtOGY4OC0zNDM2M2JjN2M0YzAiOnsiY3JlYXRlIjoxMjAwMDAwMDAwMDAwLCJkZWxldGUiOjEyMDAwMDAwMDAwMDAsInVwZGF0ZSI6MTIwMDAwMDAwMDAwMH19",
          "dependencies": [
            "google_pubsub_topic.traffic_events"
          ]
        }
      ]
    },
    {
      "mode": "managed",
      "type": "google_pubsub_subscription",
      "name": "traffic_telematics_internal_sub",
      "provider": "provider[\"registry.terraform.io/hashicorp/google\"]",
      "instances": [
        {
          "schema_version": 0,
          "attributes": {
            "ack_deadline_seconds": 60,
            "bigquery_config": [],
            "cloud_storage_config": [],
            "dead_letter_policy": [],
            "effective_labels": {},
            "enable_exactly_once_delivery": false,
            "enable_message_ordering": false,
            "expiration_policy": [
              {
                "ttl": ""
              }
            ],
            "filter": "",
            "id": "projects/joakim-hansson-lab/subscriptions/traffic-telematics-internal-sub",
            "labels": {},
            "message_retention_duration": "604800s",
            "name": "traffic-telematics-internal-sub",
            "project": "joakim-hansson-lab",
            "push_config": [],
            "retain_acked_messages": false,
            "retry_policy": [],
            "terraform_labels": {},
            "timeouts": null,
            "topic": "projects/joakim-hansson-lab/topics/telematics-events"
          },
          "sensitive_attributes": [],
          "identity_schema_version": 0,
          "private": "eyJlMmJmYjczMC1lY2FhLTExZTYtOGY4OC0zNDM2M2JjN2M0YzAiOnsiY3JlYXRlIjoxMjAwMDAwMDAwMDAwLCJkZWxldGUiOjEyMDAwMDAwMDAwMDAsInVwZGF0ZSI6MTIwMDAwMDAwMDAwMH19",
          "dependencies": [
            "google_pubsub_topic.telematics_events"
          ]
        }
      ]
    },
    {
      "mode": "managed",
      "type": "google_pubsub_subscription",
      "name": "traffic_weather_internal_sub",
      "provider": "provider[\"registry.terraform.io/hashicorp/google\"]",
      "instances": [
        {
          "schema_version": 0,
          "attributes": {
            "ack_deadline_seconds": 60,
            "bigquery_config": [],
            "cloud_storage_config": [],
            "dead_letter_policy": [],
            "effective_labels": {},
            "enable_exactly_once_delivery": false,
            "enable_message_ordering": false,
            "expiration_policy": [
              {
                "ttl": ""
              }
            ],
            "filter": "",
            "id": "projects/joakim-hansson-lab/subscriptions/traffic-weather-internal-sub",
            "labels": {},
            "message_retention_duration": "604800s",
            "name": "traffic-weather-internal-sub",
            "project": "joakim-hansson-lab",
            "push_config": [],
            "retain_acked_messages": false,
            "retry_policy": [],
            "terraform_labels": {},
            "timeouts": null,
            "topic": "projects/joakim-hansson-lab/topics/weather-events"
          },
          "sensitive_attributes": [],
          "identity_schema_version": 0,
          "private": "eyJlMmJmYjczMC1lY2FhLTExZTYtOGY4OC0zNDM2M2JjN2M0YzAiOnsiY3JlYXRlIjoxMjAwMDAwMDAwMDAwLCJkZWxldGUiOjEyMDAwMDAwMDAwMDAsInVwZGF0ZSI6MTIwMDAwMDAwMDAwMH19",
          "dependencies": [
            "google_pubsub_topic.weather_events"
          ]
        }
      ]
    },
    {
      "mode": "managed",
      "type": "google_pubsub_topic",
      "name": "finance_events",
      "provider": "provider[\"registry.terraform.io/hashicorp/google\"]",
      "instances": [
        {
          "schema_version": 0,
          "attributes": {
            "effective_labels": {},
            "id": "projects/joakim-hansson-lab/topics/finance-events",
            "ingestion_data_source_settings": [],
            "kms_key_name": "",
            "labels": {},
            "message_retention_duration": "86600s",
            "message_storage_policy": [],
            "name": "finance-events",
            "project": "joakim-hansson-lab",
            "schema_settings": [],
            "terraform_labels": {},
            "timeouts": null
          },
          "sensitive_attributes": [],
          "identity_schema_version": 0,
          "private": "eyJlMmJmYjczMC1lY2FhLTExZTYtOGY4OC0zNDM2M2JjN2M0YzAiOnsiY3JlYXRlIjoxMjAwMDAwMDAwMDAwLCJkZWxldGUiOjEyMDAwMDAwMDAwMDAsInVwZGF0ZSI6MTIwMDAwMDAwMDAwMH19"
        }
      ]
    },
    {
      "mode": "managed",
      "type": "google_pubsub_topic",
      "name": "hr_events",
      "provider": "provider[\"registry.terraform.io/hashicorp/google\"]",
      "instances": [
        {
          "schema_version": 0,
          "attributes": {
            "effective_labels": {},
            "id": "projects/joakim-hansson-lab/topics/hr-events",
            "ingestion_data_source_settings": [],
            "kms_key_name": "",
            "labels": {},
            "message_retention_duration": "86600s",
            "message_storage_policy": [],
            "name": "hr-events",
            "project": "joakim-hansson-lab",
            "schema_settings": [],
            "terraform_labels": {},
            "timeouts": null
          },
          "sensitive_attributes": [],
          "identity_schema_version": 0,
          "private": "eyJlMmJmYjczMC1lY2FhLTExZTYtOGY4OC0zNDM2M2JjN2M0YzAiOnsiY3JlYXRlIjoxMjAwMDAwMDAwMDAwLCJkZWxldGUiOjEyMDAwMDAwMDAwMDAsInVwZGF0ZSI6MTIwMDAwMDAwMDAwMH19"
        }
      ]
    },
    {
      "mode": "managed",
      "type": "google_pubsub_topic",
      "name": "telematics_events",
      "provider": "provider[\"registry.terraform.io/hashicorp/google\"]",
      "instances": [
        {
          "schema_version": 0,
          "attributes": {
            "effective_labels": {},
            "id": "projects/joakim-hansson-lab/topics/telematics-events",
            "ingestion_data_source_settings": [],
            "kms_key_name": "",
            "labels": {},
            "message_retention_duration": "86600s",
            "message_storage_policy": [],
            "name": "telematics-events",
            "project": "joakim-hansson-lab",
            "schema_settings": [],
            "terraform_labels": {},
            "timeouts": null
          },
          "sensitive_attributes": [],
          "identity_schema_version": 0,
          "private": "eyJlMmJmYjczMC1lY2FhLTExZTYtOGY4OC0zNDM2M2JjN2M0YzAiOnsiY3JlYXRlIjoxMjAwMDAwMDAwMDAwLCJkZWxldGUiOjEyMDAwMDAwMDAwMDAsInVwZGF0ZSI6MTIwMDAwMDAwMDAwMH19"
        }
      ]
    },
    {
      "mode": "managed",
      "type": "google_pubsub_topic",
      "name": "traffic_events",
      "provider": "provider[\"registry.terraform.io/hashicorp/google\"]",
      "instances": [
        {
          "schema_version": 0,
          "attributes": {
            "effective_labels": {},
            "id": "projects/joakim-hansson-lab/topics/traffic-events",
            "ingestion_data_source_settings": [],
            "kms_key_name": "",
            "labels": {},
            "message_retention_duration": "86600s",
            "message_storage_policy": [],
            "name": "traffic-events",
            "project": "joakim-hansson-lab",
            "schema_settings": [],
            "terraform_labels": {},
            "timeouts": null
          },
          "sensitive_attributes": [],
          "identity_schema_version": 0,
          "private": "eyJlMmJmYjczMC1lY2FhLTExZTYtOGY4OC0zNDM2M2JjN2M0YzAiOnsiY3JlYXRlIjoxMjAwMDAwMDAwMDAwLCJkZWxldGUiOjEyMDAwMDAwMDAwMDAsInVwZGF0ZSI6MTIwMDAwMDAwMDAwMH19"
        }
      ]
    },
    {
      "mode": "managed",
      "type": "google_pubsub_topic",
      "name": "weather_events",
      "provider": "provider[\"registry.terraform.io/hashicorp/google\"]",
      "instances": [
        {
          "schema_version": 0,
          "attributes": {
            "effective_labels": {},
            "id": "projects/joakim-hansson-lab/topics/weather-events",
            "ingestion_data_source_settings": [],
            "kms_key_name": "",
            "labels": {},
            "message_retention_duration": "8660s",
            "message_storage_policy": [],
            "name": "weather-events",
            "project": "joakim-hansson-lab",
            "schema_settings": [],
            "terraform_labels": {},
            "timeouts": null
          },
          "sensitive_attributes": [],
          "identity_schema_version": 0,
          "private": "eyJlMmJmYjczMC1lY2FhLTExZTYtOGY4OC0zNDM2M2JjN2M0YzAiOnsiY3JlYXRlIjoxMjAwMDAwMDAwMDAwLCJkZWxldGUiOjEyMDAwMDAwMDAwMDAsInVwZGF0ZSI6MTIwMDAwMDAwMDAwMH19"
        }
      ]
    },
    {
      "mode": "managed",
      "type": "google_secret_manager_secret",
      "name": "trafiklab_koda_key",
      "provider": "provider[\"registry.terraform.io/hashicorp/google\"]",
      "instances": [
        {
          "schema_version": 0,
          "attributes": {
            "annotations": {},
            "create_time": "2026-04-29T10:45:19.707440Z",
            "effective_annotations": {},
            "effective_labels": {},
            "expire_time": "",
            "id": "projects/joakim-hansson-lab/secrets/trafiklab-koda-api-key",
            "labels": {},
            "name": "projects/625737625145/secrets/trafiklab-koda-api-key",
            "project": "joakim-hansson-lab",
            "replication": [
              {
                "auto": [
                  {
                    "customer_managed_encryption": []
                  }
                ],
                "user_managed": []
              }
            ],
            "rotation": [],
            "secret_id": "trafiklab-koda-api-key",
            "terraform_labels": {},
            "timeouts": null,
            "topics": [],
            "ttl": null,
            "version_aliases": {},
            "version_destroy_ttl": ""
          },
          "sensitive_attributes": [],
          "identity_schema_version": 0,
          "private": "eyJlMmJmYjczMC1lY2FhLTExZTYtOGY4OC0zNDM2M2JjN2M0YzAiOnsiY3JlYXRlIjoxMjAwMDAwMDAwMDAwLCJkZWxldGUiOjEyMDAwMDAwMDAwMDAsInVwZGF0ZSI6MTIwMDAwMDAwMDAwMH19"
        }
      ]
    },
    {
      "mode": "managed",
      "type": "google_secret_manager_secret",
      "name": "trafiklab_netex_key",
      "provider": "provider[\"registry.terraform.io/hashicorp/google\"]",
      "instances": [
        {
          "schema_version": 0,
          "attributes": {
            "annotations": {},
            "create_time": "2026-04-28T12:18:32.404127Z",
            "effective_annotations": {},
            "effective_labels": {},
            "expire_time": "",
            "id": "projects/joakim-hansson-lab/secrets/trafiklab-netex-api-key",
            "labels": {},
            "name": "projects/625737625145/secrets/trafiklab-netex-api-key",
            "project": "joakim-hansson-lab",
            "replication": [
              {
                "auto": [
                  {
                    "customer_managed_encryption": []
                  }
                ],
                "user_managed": []
              }
            ],
            "rotation": [],
            "secret_id": "trafiklab-netex-api-key",
            "terraform_labels": {},
            "timeouts": null,
            "topics": [],
            "ttl": null,
            "version_aliases": {},
            "version_destroy_ttl": ""
          },
          "sensitive_attributes": [],
          "identity_schema_version": 0,
          "private": "eyJlMmJmYjczMC1lY2FhLTExZTYtOGY4OC0zNDM2M2JjN2M0YzAiOnsiY3JlYXRlIjoxMjAwMDAwMDAwMDAwLCJkZWxldGUiOjEyMDAwMDAwMDAwMDAsInVwZGF0ZSI6MTIwMDAwMDAwMDAwMH0sInNjaGVtYV92ZXJzaW9uIjoiMCJ9"
        }
      ]
    },
    {
      "mode": "managed",
      "type": "google_secret_manager_secret",
      "name": "trafiklab_realtime_key",
      "provider": "provider[\"registry.terraform.io/hashicorp/google\"]",
      "instances": [
        {
          "schema_version": 0,
          "attributes": {
            "annotations": {},
            "create_time": "2026-04-28T12:18:36.372845Z",
            "effective_annotations": {},
            "effective_labels": {},
            "expire_time": "",
            "id": "projects/joakim-hansson-lab/secrets/trafiklab-realtime-api-key",
            "labels": {},
            "name": "projects/625737625145/secrets/trafiklab-realtime-api-key",
            "project": "joakim-hansson-lab",
            "replication": [
              {
                "auto": [
                  {
                    "customer_managed_encryption": []
                  }
                ],
                "user_managed": []
              }
            ],
            "rotation": [],
            "secret_id": "trafiklab-realtime-api-key",
            "terraform_labels": {},
            "timeouts": null,
            "topics": [],
            "ttl": null,
            "version_aliases": {},
            "version_destroy_ttl": ""
          },
          "sensitive_attributes": [],
          "identity_schema_version": 0,
          "private": "eyJlMmJmYjczMC1lY2FhLTExZTYtOGY4OC0zNDM2M2JjN2M0YzAiOnsiY3JlYXRlIjoxMjAwMDAwMDAwMDAwLCJkZWxldGUiOjEyMDAwMDAwMDAwMDAsInVwZGF0ZSI6MTIwMDAwMDAwMDAwMH0sInNjaGVtYV92ZXJzaW9uIjoiMCJ9"
        }
      ]
    },
    {
      "mode": "managed",
      "type": "google_secret_manager_secret_iam_member",
      "name": "adapters_netex_secret_access",
      "provider": "provider[\"registry.terraform.io/hashicorp/google\"]",
      "instances": [
        {
          "schema_version": 0,
          "attributes": {
            "condition": [],
            "etag": "BwZROFBz7E4=",
            "id": "projects/joakim-hansson-lab/secrets/trafiklab-netex-api-key/roles/secretmanager.secretAccessor/serviceAccount:625737625145-compute@developer.gserviceaccount.com",
            "member": "serviceAccount:625737625145-compute@developer.gserviceaccount.com",
            "project": "joakim-hansson-lab",
            "role": "roles/secretmanager.secretAccessor",
            "secret_id": "projects/joakim-hansson-lab/secrets/trafiklab-netex-api-key"
          },
          "sensitive_attributes": [],
          "identity_schema_version": 0,
          "private": "bnVsbA==",
          "dependencies": [
            "google_secret_manager_secret.trafiklab_netex_key"
          ]
        }
      ]
    },
    {
      "mode": "managed",
      "type": "google_secret_manager_secret_iam_member",
      "name": "adapters_realtime_secret_access",
      "provider": "provider[\"registry.terraform.io/hashicorp/google\"]",
      "instances": [
        {
          "schema_version": 0,
          "attributes": {
            "condition": [],
            "etag": "BwZROFB0ERw=",
            "id": "projects/joakim-hansson-lab/secrets/trafiklab-realtime-api-key/roles/secretmanager.secretAccessor/serviceAccount:625737625145-compute@developer.gserviceaccount.com",
            "member": "serviceAccount:625737625145-compute@developer.gserviceaccount.com",
            "project": "joakim-hansson-lab",
            "role": "roles/secretmanager.secretAccessor",
            "secret_id": "projects/joakim-hansson-lab/secrets/trafiklab-realtime-api-key"
          },
          "sensitive_attributes": [],
          "identity_schema_version": 0,
          "private": "bnVsbA==",
          "dependencies": [
            "google_secret_manager_secret.trafiklab_realtime_key"
          ]
        }
      ]
    },
    {
      "mode": "managed",
      "type": "google_secret_manager_secret_iam_member",
      "name": "simulation_koda_secret_access",
      "provider": "provider[\"registry.terraform.io/hashicorp/google\"]",
      "instances": [
        {
          "schema_version": 0,
          "attributes": {
            "condition": [],
            "etag": "BwZQlwuqK5I=",
            "id": "projects/joakim-hansson-lab/secrets/trafiklab-koda-api-key/roles/secretmanager.secretAccessor/serviceAccount:625737625145-compute@developer.gserviceaccount.com",
            "member": "serviceAccount:625737625145-compute@developer.gserviceaccount.com",
            "project": "joakim-hansson-lab",
            "role": "roles/secretmanager.secretAccessor",
            "secret_id": "projects/joakim-hansson-lab/secrets/trafiklab-koda-api-key"
          },
          "sensitive_attributes": [],
          "identity_schema_version": 0,
          "private": "bnVsbA==",
          "dependencies": [
            "google_secret_manager_secret.trafiklab_koda_key"
          ]
        }
      ]
    },
    {
      "mode": "managed",
      "type": "google_secret_manager_secret_version",
      "name": "trafiklab_koda_key_data",
      "provider": "provider[\"registry.terraform.io/hashicorp/google\"]",
      "instances": [
        {
          "schema_version": 0,
          "attributes": {
            "create_time": "2026-04-29T10:45:27.681496Z",
            "deletion_policy": "DELETE",
            "destroy_time": "",
            "enabled": true,
            "id": "projects/625737625145/secrets/trafiklab-koda-api-key/versions/1",
            "is_secret_data_base64": false,
            "name": "projects/625737625145/secrets/trafiklab-koda-api-key/versions/1",
            "secret": "projects/joakim-hansson-lab/secrets/trafiklab-koda-api-key",
            "secret_data": "pMEMGtMwEVp-qZRLs5mfDmG7bFDrUvi2Mil2Ne8XIk",
            "timeouts": null,
            "version": "1"
          },
          "sensitive_attributes": [
            [
              {
                "type": "get_attr",
                "value": "secret_data"
              }
            ]
          ],
          "identity_schema_version": 0,
          "private": "eyJlMmJmYjczMC1lY2FhLTExZTYtOGY4OC0zNDM2M2JjN2M0YzAiOnsiY3JlYXRlIjoxMjAwMDAwMDAwMDAwLCJkZWxldGUiOjEyMDAwMDAwMDAwMDAsInVwZGF0ZSI6MTIwMDAwMDAwMDAwMH19",
          "dependencies": [
            "google_secret_manager_secret.trafiklab_koda_key"
          ]
        }
      ]
    },
    {
      "mode": "managed",
      "type": "google_secret_manager_secret_version",
      "name": "trafiklab_netex_key_data",
      "provider": "provider[\"registry.terraform.io/hashicorp/google\"]",
      "instances": [
        {
          "schema_version": 0,
          "attributes": {
            "create_time": "2026-05-07T11:09:30.826171Z",
            "deletion_policy": "DELETE",
            "destroy_time": "",
            "enabled": true,
            "id": "projects/625737625145/secrets/trafiklab-netex-api-key/versions/2",
            "is_secret_data_base64": false,
            "name": "projects/625737625145/secrets/trafiklab-netex-api-key/versions/2",
            "secret": "projects/joakim-hansson-lab/secrets/trafiklab-netex-api-key",
            "secret_data": "2fd38a76c8d245568ccaed2282c7efea",
            "timeouts": null,
            "version": "2"
          },
          "sensitive_attributes": [
            [
              {
                "type": "get_attr",
                "value": "secret_data"
              }
            ]
          ],
          "identity_schema_version": 0,
          "private": "eyJlMmJmYjczMC1lY2FhLTExZTYtOGY4OC0zNDM2M2JjN2M0YzAiOnsiY3JlYXRlIjoxMjAwMDAwMDAwMDAwLCJkZWxldGUiOjEyMDAwMDAwMDAwMDAsInVwZGF0ZSI6MTIwMDAwMDAwMDAwMH19",
          "dependencies": [
            "google_secret_manager_secret.trafiklab_netex_key"
          ]
        }
      ]
    },
    {
      "mode": "managed",
      "type": "google_secret_manager_secret_version",
      "name": "trafiklab_realtime_key_data",
      "provider": "provider[\"registry.terraform.io/hashicorp/google\"]",
      "instances": [
        {
          "schema_version": 0,
          "attributes": {
            "create_time": "2026-05-07T11:09:30.460533Z",
            "deletion_policy": "DELETE",
            "destroy_time": "",
            "enabled": true,
            "id": "projects/625737625145/secrets/trafiklab-realtime-api-key/versions/2",
            "is_secret_data_base64": false,
            "name": "projects/625737625145/secrets/trafiklab-realtime-api-key/versions/2",
            "secret": "projects/joakim-hansson-lab/secrets/trafiklab-realtime-api-key",
            "secret_data": "f58a957010db4c4b81dd4a235cbdd7b8",
            "timeouts": null,
            "version": "2"
          },
          "sensitive_attributes": [
            [
              {
                "type": "get_attr",
                "value": "secret_data"
              }
            ]
          ],
          "identity_schema_version": 0,
          "private": "eyJlMmJmYjczMC1lY2FhLTExZTYtOGY4OC0zNDM2M2JjN2M0YzAiOnsiY3JlYXRlIjoxMjAwMDAwMDAwMDAwLCJkZWxldGUiOjEyMDAwMDAwMDAwMDAsInVwZGF0ZSI6MTIwMDAwMDAwMDAwMH19",
          "dependencies": [
            "google_secret_manager_secret.trafiklab_realtime_key"
          ]
        }
      ]
    },
    {
      "mode": "managed",
      "type": "google_sql_database",
      "name": "energy_db_name",
      "provider": "provider[\"registry.terraform.io/hashicorp/google\"]",
      "instances": [
        {
          "schema_version": 0,
          "attributes": {
            "charset": "UTF8",
            "collation": "en_US.UTF8",
            "deletion_policy": "DELETE",
            "id": "projects/joakim-hansson-lab/instances/kalles-shared-db-edb68743/databases/kalles-energy-depot",
            "instance": "kalles-shared-db-edb68743",
            "name": "kalles-energy-depot",
            "project": "joakim-hansson-lab",
            "self_link": "https://sqladmin.googleapis.com/sql/v1beta4/projects/joakim-hansson-lab/instances/kalles-shared-db-edb68743/databases/kalles-energy-depot",
            "timeouts": null
          },
          "sensitive_attributes": [],
          "identity_schema_version": 0,
          "private": "eyJlMmJmYjczMC1lY2FhLTExZTYtOGY4OC0zNDM2M2JjN2M0YzAiOnsiY3JlYXRlIjoxMjAwMDAwMDAwMDAwLCJkZWxldGUiOjEyMDAwMDAwMDAwMDAsInVwZGF0ZSI6MTIwMDAwMDAwMDAwMH19",
          "dependencies": [
            "google_sql_database_instance.shared_db",
            "random_id.db_suffix"
          ]
        }
      ]
    },
    {
      "mode": "managed",
      "type": "google_sql_database",
      "name": "finance_db_name",
      "provider": "provider[\"registry.terraform.io/hashicorp/google\"]",
      "instances": [
        {
          "schema_version": 0,
          "attributes": {
            "charset": "UTF8",
            "collation": "en_US.UTF8",
            "deletion_policy": "DELETE",
            "id": "projects/joakim-hansson-lab/instances/kalles-shared-db-edb68743/databases/kalles-finance",
            "instance": "kalles-shared-db-edb68743",
            "name": "kalles-finance",
            "project": "joakim-hansson-lab",
            "self_link": "https://sqladmin.googleapis.com/sql/v1beta4/projects/joakim-hansson-lab/instances/kalles-shared-db-edb68743/databases/kalles-finance",
            "timeouts": null
          },
          "sensitive_attributes": [],
          "identity_schema_version": 0,
          "private": "eyJlMmJmYjczMC1lY2FhLTExZTYtOGY4OC0zNDM2M2JjN2M0YzAiOnsiY3JlYXRlIjoxMjAwMDAwMDAwMDAwLCJkZWxldGUiOjEyMDAwMDAwMDAwMDAsInVwZGF0ZSI6MTIwMDAwMDAwMDAwMH19",
          "dependencies": [
            "google_sql_database_instance.shared_db",
            "random_id.db_suffix"
          ]
        }
      ]
    },
    {
      "mode": "managed",
      "type": "google_sql_database",
      "name": "hr_db_name",
      "provider": "provider[\"registry.terraform.io/hashicorp/google\"]",
      "instances": [
        {
          "schema_version": 0,
          "attributes": {
            "charset": "UTF8",
            "collation": "en_US.UTF8",
            "deletion_policy": "DELETE",
            "id": "projects/joakim-hansson-lab/instances/kalles-shared-db-edb68743/databases/kalles-hr",
            "instance": "kalles-shared-db-edb68743",
            "name": "kalles-hr",
            "project": "joakim-hansson-lab",
            "self_link": "https://sqladmin.googleapis.com/sql/v1beta4/projects/joakim-hansson-lab/instances/kalles-shared-db-edb68743/databases/kalles-hr",
            "timeouts": null
          },
          "sensitive_attributes": [],
          "identity_schema_version": 0,
          "private": "eyJlMmJmYjczMC1lY2FhLTExZTYtOGY4OC0zNDM2M2JjN2M0YzAiOnsiY3JlYXRlIjoxMjAwMDAwMDAwMDAwLCJkZWxldGUiOjEyMDAwMDAwMDAwMDAsInVwZGF0ZSI6MTIwMDAwMDAwMDAwMH19",
          "dependencies": [
            "google_sql_database_instance.shared_db",
            "random_id.db_suffix"
          ]
        }
      ]
    },
    {
      "mode": "managed",
      "type": "google_sql_database",
      "name": "simulation_db_name",
      "provider": "provider[\"registry.terraform.io/hashicorp/google\"]",
      "instances": [
        {
          "schema_version": 0,
          "attributes": {
            "charset": "UTF8",
            "collation": "en_US.UTF8",
            "deletion_policy": "DELETE",
            "id": "projects/joakim-hansson-lab/instances/kalles-shared-db-edb68743/databases/kalles-simulation",
            "instance": "kalles-shared-db-edb68743",
            "name": "kalles-simulation",
            "project": "joakim-hansson-lab",
            "self_link": "https://sqladmin.googleapis.com/sql/v1beta4/projects/joakim-hansson-lab/instances/kalles-shared-db-edb68743/databases/kalles-simulation",
            "timeouts": null
          },
          "sensitive_attributes": [],
          "identity_schema_version": 0,
          "private": "eyJlMmJmYjczMC1lY2FhLTExZTYtOGY4OC0zNDM2M2JjN2M0YzAiOnsiY3JlYXRlIjoxMjAwMDAwMDAwMDAwLCJkZWxldGUiOjEyMDAwMDAwMDAwMDAsInVwZGF0ZSI6MTIwMDAwMDAwMDAwMH19",
          "dependencies": [
            "google_sql_database_instance.shared_db",
            "random_id.db_suffix"
          ]
        }
      ]
    },
    {
      "mode": "managed",
      "type": "google_sql_database",
      "name": "traffic_db_name",
      "provider": "provider[\"registry.terraform.io/hashicorp/google\"]",
      "instances": [
        {
          "schema_version": 0,
          "attributes": {
            "charset": "UTF8",
            "collation": "en_US.UTF8",
            "deletion_policy": "DELETE",
            "id": "projects/joakim-hansson-lab/instances/kalles-shared-db-edb68743/databases/kalles-traffic",
            "instance": "kalles-shared-db-edb68743",
            "name": "kalles-traffic",
            "project": "joakim-hansson-lab",
            "self_link": "https://sqladmin.googleapis.com/sql/v1beta4/projects/joakim-hansson-lab/instances/kalles-shared-db-edb68743/databases/kalles-traffic",
            "timeouts": null
          },
          "sensitive_attributes": [],
          "identity_schema_version": 0,
          "private": "eyJlMmJmYjczMC1lY2FhLTExZTYtOGY4OC0zNDM2M2JjN2M0YzAiOnsiY3JlYXRlIjoxMjAwMDAwMDAwMDAwLCJkZWxldGUiOjEyMDAwMDAwMDAwMDAsInVwZGF0ZSI6MTIwMDAwMDAwMDAwMH19",
          "dependencies": [
            "google_sql_database_instance.shared_db",
            "random_id.db_suffix"
          ]
        }
      ]
    },
    {
      "mode": "managed",
      "type": "google_sql_database_instance",
      "name": "shared_db",
      "provider": "provider[\"registry.terraform.io/hashicorp/google\"]",
      "instances": [
        {
          "schema_version": 0,
          "attributes": {
            "available_maintenance_versions": [],
            "clone": [],
            "connection_name": "joakim-hansson-lab:europe-west1:kalles-shared-db-edb68743",
            "database_version": "POSTGRES_15",
            "deletion_protection": false,
            "dns_name": "",
            "encryption_key_name": null,
            "first_ip_address": "35.189.219.113",
            "id": "kalles-shared-db-edb68743",
            "instance_type": "CLOUD_SQL_INSTANCE",
            "ip_address": [
              {
                "ip_address": "35.189.219.113",
                "time_to_retire": "",
                "type": "PRIMARY"
              },
              {
                "ip_address": "35.205.5.86",
                "time_to_retire": "",
                "type": "OUTGOING"
              }
            ],
            "maintenance_version": "POSTGRES_15_18.R20260319.07_14",
            "master_instance_name": "",
            "name": "kalles-shared-db-edb68743",
            "private_ip_address": "",
            "project": "joakim-hansson-lab",
            "psc_service_attachment_link": "",
            "public_ip_address": "35.189.219.113",
            "region": "europe-west1",
            "replica_configuration": [],
            "restore_backup_context": [],
            "root_password": null,
            "self_link": "https://sqladmin.googleapis.com/sql/v1beta4/projects/joakim-hansson-lab/instances/kalles-shared-db-edb68743",
            "server_ca_cert": [
              {
                "cert": "-----BEGIN CERTIFICATE-----\nMIIDcTCCAlmgAwIBAgIBADANBgkqhkiG9w0BAQsFADBwMS0wKwYDVQQuEyQyNDll\nOWI4My0zZmJiLTQ3YTYtOGUzYy1kNWY1MDE5NDRmZTAxHDAaBgNVBAMTE0Nsb3Vk\nIFNRTCBTZXJ2ZXIgQ0ExFDASBgNVBAoTC0dvb2dsZSwgSW5jMQswCQYDVQQGEwJV\nUzAeFw0yNjA3MDIwODA0MjFaFw0zNjA2MjkwODA1MjFaMHAxLTArBgNVBC4TJDI0\nOWU5YjgzLTNmYmItNDdhNi04ZTNjLWQ1ZjUwMTk0NGZlMDEcMBoGA1UEAxMTQ2xv\ndWQgU1FMIFNlcnZlciBDQTEUMBIGA1UEChMLR29vZ2xlLCBJbmMxCzAJBgNVBAYT\nAlVTMIIBIjANBgkqhkiG9w0BAQEFAAOCAQ8AMIIBCgKCAQEA1uXc9mg0VCfkS5hm\nNG3eTVel7uRoqCkUWHBvV+now8SvBCzZX+GHo/8Tl2YprbTIbZ5fq6vF9/o4wbPH\nsOZI6STc4bF4LkEyVx5Ptc+Fxi2O2BzEBpwGvWgVaKSm5YeX3CBx1FjZIvFYQBH3\nkX4xLH02TBxz6ln/7gmD73mlXcdtKHF/eO7e6HTGKrsttj3LDHlEODzVyFdyWoI1\nnX/57hyHQURdFvZw3VQqVnwI+cO0VSeqAT6REv31XdCX64GZ8phT6qSrDuTLsT8B\nTG5JFRPvMNK4sV1/vMgbeSo3VXRmiZIuF59e7X8ohMMLvT0sHQkuNtWX332fGtkE\nl1SncwIDAQABoxYwFDASBgNVHRMBAf8ECDAGAQH/AgEAMA0GCSqGSIb3DQEBCwUA\nA4IBAQBeiHrRQZ4dyDBTtSTEiFZKWLEst/Hba4m2y0ueL3XuS4Ia5TEQxrZIpGhJ\nKxJOjy+rbLAmSWDF3EAKiF2Su0NLDo/PqBzC11WFFmUKbIbNVW70hNoaQVrbUkKZ\nRkx12U77wopqdjjhEp1LbqM7Brf3cLQn+w0IpdLZ+jElW8kRZ0J9Cg26OjtLSIY5\nd1sBG8ErlUtruqDmmNgldOzYYZa3UhJBCC0AapFlbxAZrSGOHgO/nrQo8hrF6xYF\nmt/sskzrDmtMymMWIbjhdZE+6XYOh+acggNwBZQtv70AUBLU01DeRgr4A4kIBeLa\nPB9qV8WxUOPGlrIr6TgVNDToGgMl\n-----END CERTIFICATE-----",
                "common_name": "C=US,O=Google\\, Inc,CN=Cloud SQL Server CA,dnQualifier=249e9b83-3fbb-47a6-8e3c-d5f501944fe0",
                "create_time": "2026-07-02T08:04:21.448Z",
                "expiration_time": "2036-06-29T08:05:21.448Z",
                "sha1_fingerprint": "f2e34af5dcbf48784423f77e948089556de31114"
              }
            ],
            "service_account_email_address": "p625737625145-86258a@gcp-sa-cloud-sql.iam.gserviceaccount.com",
            "settings": [
              {
                "activation_policy": "ALWAYS",
                "active_directory_config": [],
                "advanced_machine_features": [],
                "availability_type": "ZONAL",
                "backup_configuration": [
                  {
                    "backup_retention_settings": [
                      {
                        "retained_backups": 7,
                        "retention_unit": "COUNT"
                      }
                    ],
                    "binary_log_enabled": false,
                    "enabled": false,
                    "location": "",
                    "point_in_time_recovery_enabled": false,
                    "start_time": "05:00",
                    "transaction_log_retention_days": 7
                  }
                ],
                "collation": "",
                "connector_enforcement": "NOT_REQUIRED",
                "data_cache_config": [],
                "database_flags": [],
                "deletion_protection_enabled": false,
                "deny_maintenance_period": [],
                "disk_autoresize": true,
                "disk_autoresize_limit": 0,
                "disk_size": 10,
                "disk_type": "PD_SSD",
                "edition": "ENTERPRISE",
                "enable_dataplex_integration": false,
                "enable_google_ml_integration": false,
                "insights_config": [],
                "ip_configuration": [
                  {
                    "allocated_ip_range": "",
                    "authorized_networks": [
                      {
                        "expiration_time": "",
                        "name": "Joakim Home",
                        "value": "81.233.240.78/32"
                      }
                    ],
                    "enable_private_path_for_google_cloud_services": false,
                    "ipv4_enabled": true,
                    "private_network": "",
                    "psc_config": [],
                    "require_ssl": false,
                    "server_ca_mode": "GOOGLE_MANAGED_INTERNAL_CA",
                    "ssl_mode": ""
                  }
                ],
                "location_preference": [
                  {
                    "follow_gae_application": "",
                    "secondary_zone": "",
                    "zone": "europe-west1-b"
                  }
                ],
                "maintenance_window": [],
                "password_validation_policy": [],
                "pricing_plan": "PER_USE",
                "sql_server_audit_config": [],
                "tier": "db-f1-micro",
                "time_zone": "",
                "user_labels": {},
                "version": 1
              }
            ],
            "timeouts": null
          },
          "sensitive_attributes": [
            [
              {
                "type": "get_attr",
                "value": "root_password"
              }
            ],
            [
              {
                "type": "get_attr",
                "value": "server_ca_cert"
              }
            ]
          ],
          "identity_schema_version": 0,
          "private": "eyJlMmJmYjczMC1lY2FhLTExZTYtOGY4OC0zNDM2M2JjN2M0YzAiOnsiY3JlYXRlIjo1NDAwMDAwMDAwMDAwLCJkZWxldGUiOjU0MDAwMDAwMDAwMDAsInVwZGF0ZSI6NTQwMDAwMDAwMDAwMH19",
          "dependencies": [
            "random_id.db_suffix"
          ]
        }
      ]
    },
    {
      "mode": "managed",
      "type": "google_sql_user",
      "name": "postgres_user",
      "provider": "provider[\"registry.terraform.io/hashicorp/google\"]",
      "instances": [
        {
          "schema_version": 1,
          "attributes": {
            "deletion_policy": null,
            "host": "",
            "id": "postgres//kalles-shared-db-edb68743",
            "instance": "kalles-shared-db-edb68743",
            "name": "postgres",
            "password": "postgres_prod_password",
            "password_policy": [],
            "project": "joakim-hansson-lab",
            "sql_server_user_details": [],
            "timeouts": null,
            "type": ""
          },
          "sensitive_attributes": [
            [
              {
                "type": "get_attr",
                "value": "password"
              }
            ]
          ],
          "identity_schema_version": 0,
          "private": "eyJlMmJmYjczMC1lY2FhLTExZTYtOGY4OC0zNDM2M2JjN2M0YzAiOnsiY3JlYXRlIjo2MDAwMDAwMDAwMDAsImRlbGV0ZSI6NjAwMDAwMDAwMDAwLCJ1cGRhdGUiOjYwMDAwMDAwMDAwMH0sInNjaGVtYV92ZXJzaW9uIjoiMSJ9",
          "dependencies": [
            "google_sql_database_instance.shared_db",
            "random_id.db_suffix"
          ]
        }
      ]
    },
    {
      "mode": "managed",
      "type": "random_id",
      "name": "db_suffix",
      "provider": "provider[\"registry.terraform.io/hashicorp/random\"]",
      "instances": [
        {
          "schema_version": 0,
          "attributes": {
            "b64_std": "7baHQw==",
            "b64_url": "7baHQw",
            "byte_length": 4,
            "dec": "3988162371",
            "hex": "edb68743",
            "id": "7baHQw",
            "keepers": null,
            "prefix": null
          },
          "sensitive_attributes": [],
          "identity_schema_version": 0
        }
      ]
    }
  ],
  "check_results": null
}
